// !$*UTF8*$!
{
	archiveVersion = 1;
	classes = {
	};
	objectVersion = 50;
	objects = {

/* Begin PBXBuildFile section */
		3E9973FC6C3C5AE1182E8E7B /* Pods_ContentBlocker.framework in Frameworks */ = {isa = PBXBuildFile; fileRef = 2B1C37253CAD1E7BF0CB1212 /* Pods_ContentBlocker.framework */; };
		4F3049212118982600BA3961 /* AppDelegate.swift in Sources */ = {isa = PBXBuildFile; fileRef = 4F3049202118982600BA3961 /* AppDelegate.swift */; };
		4F3049232118982600BA3961 /* ViewController.swift in Sources */ = {isa = PBXBuildFile; fileRef = 4F3049222118982600BA3961 /* ViewController.swift */; };
		4F3049252118982700BA3961 /* Assets.xcassets in Resources */ = {isa = PBXBuildFile; fileRef = 4F3049242118982700BA3961 /* Assets.xcassets */; };
		4F3049282118982700BA3961 /* Main.storyboard in Resources */ = {isa = PBXBuildFile; fileRef = 4F3049262118982700BA3961 /* Main.storyboard */; };
		4F3049372118983D00BA3961 /* Cocoa.framework in Frameworks */ = {isa = PBXBuildFile; fileRef = 4F3049362118983D00BA3961 /* Cocoa.framework */; };
		4F30493A2118983D00BA3961 /* SafariExtensionHandler.swift in Sources */ = {isa = PBXBuildFile; fileRef = 4F3049392118983D00BA3961 /* SafariExtensionHandler.swift */; };
		4F30493C2118983D00BA3961 /* SafariExtensionViewController.swift in Sources */ = {isa = PBXBuildFile; fileRef = 4F30493B2118983D00BA3961 /* SafariExtensionViewController.swift */; };
		4F30493F2118983D00BA3961 /* SafariExtensionViewController.xib in Resources */ = {isa = PBXBuildFile; fileRef = 4F30493D2118983D00BA3961 /* SafariExtensionViewController.xib */; };
		4F3049422118983D00BA3961 /* script.js in Resources */ = {isa = PBXBuildFile; fileRef = 4F3049412118983D00BA3961 /* script.js */; };
		4F3049442118983D00BA3961 /* ToolbarItemIcon.pdf in Resources */ = {isa = PBXBuildFile; fileRef = 4F3049432118983D00BA3961 /* ToolbarItemIcon.pdf */; };
		4F3049482118983D00BA3961 /* SafariExtension.appex in Embed App Extensions */ = {isa = PBXBuildFile; fileRef = 4F3049342118983D00BA3961 /* SafariExtension.appex */; settings = {ATTRIBUTES = (RemoveHeadersOnCopy, ); }; };
		4F3049522118985C00BA3961 /* Cocoa.framework in Frameworks */ = {isa = PBXBuildFile; fileRef = 4F3049362118983D00BA3961 /* Cocoa.framework */; };
		4F3049552118985C00BA3961 /* blockerList.json in Resources */ = {isa = PBXBuildFile; fileRef = 4F3049542118985C00BA3961 /* blockerList.json */; };
		4F3049572118985C00BA3961 /* ContentBlockerRequestHandler.swift in Sources */ = {isa = PBXBuildFile; fileRef = 4F3049562118985C00BA3961 /* ContentBlockerRequestHandler.swift */; };
		4F30495C2118985C00BA3961 /* ContentBlocker.appex in Embed App Extensions */ = {isa = PBXBuildFile; fileRef = 4F3049512118985C00BA3961 /* ContentBlocker.appex */; settings = {ATTRIBUTES = (RemoveHeadersOnCopy, ); }; };
		4F3049962119F46700BA3961 /* TrackerListBug.swift in Sources */ = {isa = PBXBuildFile; fileRef = 4F30498C2119F46700BA3961 /* TrackerListBug.swift */; };
		4F3049972119F46700BA3961 /* TrackerListRegex.swift in Sources */ = {isa = PBXBuildFile; fileRef = 4F30498D2119F46700BA3961 /* TrackerListRegex.swift */; };
		4F3049982119F46700BA3961 /* TrieNode.swift in Sources */ = {isa = PBXBuildFile; fileRef = 4F30498E2119F46700BA3961 /* TrieNode.swift */; };
		4F3049992119F46700BA3961 /* TrackerListApp.swift in Sources */ = {isa = PBXBuildFile; fileRef = 4F30498F2119F46700BA3961 /* TrackerListApp.swift */; };
		4F30499A2119F46700BA3961 /* TrackerList.swift in Sources */ = {isa = PBXBuildFile; fileRef = 4F3049902119F46700BA3961 /* TrackerList.swift */; };
		4F30499B2119F46700BA3961 /* TrackerListPath.swift in Sources */ = {isa = PBXBuildFile; fileRef = 4F3049912119F46700BA3961 /* TrackerListPath.swift */; };
		4F30499C2119F46700BA3961 /* PageTrackersFound.swift in Sources */ = {isa = PBXBuildFile; fileRef = 4F3049922119F46700BA3961 /* PageTrackersFound.swift */; };
		4F30499D2119F46700BA3961 /* TrackerListHosts.swift in Sources */ = {isa = PBXBuildFile; fileRef = 4F3049932119F46700BA3961 /* TrackerListHosts.swift */; };
		4F30499E2119F46700BA3961 /* TrackerListHostPaths.swift in Sources */ = {isa = PBXBuildFile; fileRef = 4F3049942119F46700BA3961 /* TrackerListHostPaths.swift */; };
		4F3049A42119F4FC00BA3961 /* ArrayExtensions.swift in Sources */ = {isa = PBXBuildFile; fileRef = 4F3049A12119F4FC00BA3961 /* ArrayExtensions.swift */; };
		4F3049A52119F4FC00BA3961 /* DictionaryExtensions.swift in Sources */ = {isa = PBXBuildFile; fileRef = 4F3049A22119F4FC00BA3961 /* DictionaryExtensions.swift */; };
		4F3049A62119F4FC00BA3961 /* URLExtension.swift in Sources */ = {isa = PBXBuildFile; fileRef = 4F3049A32119F4FC00BA3961 /* URLExtension.swift */; };
		4F3049AF211B36E800BA3961 /* BlockListFileManager.swift in Sources */ = {isa = PBXBuildFile; fileRef = 4F3049AE211B36E800BA3961 /* BlockListFileManager.swift */; };
		4F3049B4211C6D3200BA3961 /* AntiTrackingManager.swift in Sources */ = {isa = PBXBuildFile; fileRef = 4F3049B3211C6D3200BA3961 /* AntiTrackingManager.swift */; };
		4F3049B5211C71CB00BA3961 /* AntiTrackingManager.swift in Sources */ = {isa = PBXBuildFile; fileRef = 4F3049B3211C6D3200BA3961 /* AntiTrackingManager.swift */; };
		4F3049B6211C721D00BA3961 /* BlockListFileManager.swift in Sources */ = {isa = PBXBuildFile; fileRef = 4F3049AE211B36E800BA3961 /* BlockListFileManager.swift */; };
		4F931A1521259BEC00AF4226 /* DomainConfigRepository.swift in Sources */ = {isa = PBXBuildFile; fileRef = 4F931A1421259BEC00AF4226 /* DomainConfigRepository.swift */; };
		4F931A172125AD6500AF4226 /* RealmRepository.swift in Sources */ = {isa = PBXBuildFile; fileRef = 4F931A162125AD6500AF4226 /* RealmRepository.swift */; };
		4F931A192125ADD500AF4226 /* CrudRepository.swift in Sources */ = {isa = PBXBuildFile; fileRef = 4F931A182125ADD500AF4226 /* CrudRepository.swift */; };
		4F931A1A2125C4A700AF4226 /* DomainConfigRepository.swift in Sources */ = {isa = PBXBuildFile; fileRef = 4F931A1421259BEC00AF4226 /* DomainConfigRepository.swift */; };
		4F931A1B2125CB1900AF4226 /* RealmRepository.swift in Sources */ = {isa = PBXBuildFile; fileRef = 4F931A162125AD6500AF4226 /* RealmRepository.swift */; };
		4F931A1C2125CB1D00AF4226 /* CrudRepository.swift in Sources */ = {isa = PBXBuildFile; fileRef = 4F931A182125ADD500AF4226 /* CrudRepository.swift */; };
		4F931A1D2125D3DE00AF4226 /* URLExtension.swift in Sources */ = {isa = PBXBuildFile; fileRef = 4F3049A32119F4FC00BA3961 /* URLExtension.swift */; };
		4F931A1E2125D3F500AF4226 /* AntiTrackingManager.swift in Sources */ = {isa = PBXBuildFile; fileRef = 4F3049B3211C6D3200BA3961 /* AntiTrackingManager.swift */; };
		4F931A1F2125D45400AF4226 /* DomainConfigRepository.swift in Sources */ = {isa = PBXBuildFile; fileRef = 4F931A1421259BEC00AF4226 /* DomainConfigRepository.swift */; };
		4F931A202125DA4100AF4226 /* RealmRepository.swift in Sources */ = {isa = PBXBuildFile; fileRef = 4F931A162125AD6500AF4226 /* RealmRepository.swift */; };
		4F931A212125DA5200AF4226 /* BlockListFileManager.swift in Sources */ = {isa = PBXBuildFile; fileRef = 4F3049AE211B36E800BA3961 /* BlockListFileManager.swift */; };
		4F931A222126C23800AF4226 /* CrudRepository.swift in Sources */ = {isa = PBXBuildFile; fileRef = 4F931A182125ADD500AF4226 /* CrudRepository.swift */; };
		4F931A252126C8C900AF4226 /* Constants.swift in Sources */ = {isa = PBXBuildFile; fileRef = 4F931A242126C8C900AF4226 /* Constants.swift */; };
		4F931A262126C95A00AF4226 /* Constants.swift in Sources */ = {isa = PBXBuildFile; fileRef = 4F931A242126C8C900AF4226 /* Constants.swift */; };
		4F931A272126C95B00AF4226 /* Constants.swift in Sources */ = {isa = PBXBuildFile; fileRef = 4F931A242126C8C900AF4226 /* Constants.swift */; };
		4F931A292126E06000AF4226 /* DomainConfigDataSource.swift in Sources */ = {isa = PBXBuildFile; fileRef = 4F931A282126E06000AF4226 /* DomainConfigDataSource.swift */; };
		4F931A2A2126E06000AF4226 /* DomainConfigDataSource.swift in Sources */ = {isa = PBXBuildFile; fileRef = 4F931A282126E06000AF4226 /* DomainConfigDataSource.swift */; };
		4F931A2B2126E06000AF4226 /* DomainConfigDataSource.swift in Sources */ = {isa = PBXBuildFile; fileRef = 4F931A282126E06000AF4226 /* DomainConfigDataSource.swift */; };
		4FCC792F211D9C54003A9823 /* ghostery_content_blocker.json in Resources */ = {isa = PBXBuildFile; fileRef = 4FCC792E211D9C54003A9823 /* ghostery_content_blocker.json */; };
		4FFD8314212B36BC0038149F /* FileManagerExtension.swift in Sources */ = {isa = PBXBuildFile; fileRef = 4FFD8313212B36BC0038149F /* FileManagerExtension.swift */; };
		4FFD8315212B36BC0038149F /* FileManagerExtension.swift in Sources */ = {isa = PBXBuildFile; fileRef = 4FFD8313212B36BC0038149F /* FileManagerExtension.swift */; };
		4FFD8316212B36BC0038149F /* FileManagerExtension.swift in Sources */ = {isa = PBXBuildFile; fileRef = 4FFD8313212B36BC0038149F /* FileManagerExtension.swift */; };
		D146948444D48F136412C66E /* Pods_SafariExtension.framework in Frameworks */ = {isa = PBXBuildFile; fileRef = AB6E6A3A7F09CA6028BBC263 /* Pods_SafariExtension.framework */; };
		F124157D8C4330395AE8B7CF /* Pods_GhosteryLite.framework in Frameworks */ = {isa = PBXBuildFile; fileRef = E882B4CED52B6C3590AA9F5D /* Pods_GhosteryLite.framework */; };
/* End PBXBuildFile section */

/* Begin PBXContainerItemProxy section */
		4F3049462118983D00BA3961 /* PBXContainerItemProxy */ = {
			isa = PBXContainerItemProxy;
			containerPortal = 4F3049152118982600BA3961 /* Project object */;
			proxyType = 1;
			remoteGlobalIDString = 4F3049332118983D00BA3961;
			remoteInfo = SafariExtension;
		};
		4F30495A2118985C00BA3961 /* PBXContainerItemProxy */ = {
			isa = PBXContainerItemProxy;
			containerPortal = 4F3049152118982600BA3961 /* Project object */;
			proxyType = 1;
			remoteGlobalIDString = 4F3049502118985C00BA3961;
			remoteInfo = ContentBlocker;
		};
/* End PBXContainerItemProxy section */

/* Begin PBXCopyFilesBuildPhase section */
		4F30494C2118983D00BA3961 /* Embed App Extensions */ = {
			isa = PBXCopyFilesBuildPhase;
			buildActionMask = 2147483647;
			dstPath = "";
			dstSubfolderSpec = 13;
			files = (
				4F3049482118983D00BA3961 /* SafariExtension.appex in Embed App Extensions */,
				4F30495C2118985C00BA3961 /* ContentBlocker.appex in Embed App Extensions */,
			);
			name = "Embed App Extensions";
			runOnlyForDeploymentPostprocessing = 0;
		};
/* End PBXCopyFilesBuildPhase section */

/* Begin PBXFileReference section */
		20D8DDE934AC7DA8B920E530 /* Pods-ContentBlocker.debug.xcconfig */ = {isa = PBXFileReference; includeInIndex = 1; lastKnownFileType = text.xcconfig; name = "Pods-ContentBlocker.debug.xcconfig"; path = "Pods/Target Support Files/Pods-ContentBlocker/Pods-ContentBlocker.debug.xcconfig"; sourceTree = "<group>"; };
		2B1C37253CAD1E7BF0CB1212 /* Pods_ContentBlocker.framework */ = {isa = PBXFileReference; explicitFileType = wrapper.framework; includeInIndex = 0; path = Pods_ContentBlocker.framework; sourceTree = BUILT_PRODUCTS_DIR; };
		4F30491D2118982600BA3961 /* GhosteryLite.app */ = {isa = PBXFileReference; explicitFileType = wrapper.application; includeInIndex = 0; path = GhosteryLite.app; sourceTree = BUILT_PRODUCTS_DIR; };
		4F3049202118982600BA3961 /* AppDelegate.swift */ = {isa = PBXFileReference; lastKnownFileType = sourcecode.swift; path = AppDelegate.swift; sourceTree = "<group>"; };
		4F3049222118982600BA3961 /* ViewController.swift */ = {isa = PBXFileReference; lastKnownFileType = sourcecode.swift; path = ViewController.swift; sourceTree = "<group>"; };
		4F3049242118982700BA3961 /* Assets.xcassets */ = {isa = PBXFileReference; lastKnownFileType = folder.assetcatalog; path = Assets.xcassets; sourceTree = "<group>"; };
		4F3049272118982700BA3961 /* Base */ = {isa = PBXFileReference; lastKnownFileType = file.storyboard; name = Base; path = Base.lproj/Main.storyboard; sourceTree = "<group>"; };
		4F3049292118982700BA3961 /* Info.plist */ = {isa = PBXFileReference; lastKnownFileType = text.plist.xml; path = Info.plist; sourceTree = "<group>"; };
		4F30492A2118982700BA3961 /* GhosteryLite.entitlements */ = {isa = PBXFileReference; lastKnownFileType = text.plist.entitlements; path = GhosteryLite.entitlements; sourceTree = "<group>"; };
		4F3049342118983D00BA3961 /* SafariExtension.appex */ = {isa = PBXFileReference; explicitFileType = "wrapper.app-extension"; includeInIndex = 0; path = SafariExtension.appex; sourceTree = BUILT_PRODUCTS_DIR; };
		4F3049362118983D00BA3961 /* Cocoa.framework */ = {isa = PBXFileReference; lastKnownFileType = wrapper.framework; name = Cocoa.framework; path = System/Library/Frameworks/Cocoa.framework; sourceTree = SDKROOT; };
		4F3049392118983D00BA3961 /* SafariExtensionHandler.swift */ = {isa = PBXFileReference; lastKnownFileType = sourcecode.swift; path = SafariExtensionHandler.swift; sourceTree = "<group>"; };
		4F30493B2118983D00BA3961 /* SafariExtensionViewController.swift */ = {isa = PBXFileReference; lastKnownFileType = sourcecode.swift; path = SafariExtensionViewController.swift; sourceTree = "<group>"; };
		4F30493E2118983D00BA3961 /* Base */ = {isa = PBXFileReference; lastKnownFileType = file.xib; name = Base; path = Base.lproj/SafariExtensionViewController.xib; sourceTree = "<group>"; };
		4F3049402118983D00BA3961 /* Info.plist */ = {isa = PBXFileReference; lastKnownFileType = text.plist.xml; path = Info.plist; sourceTree = "<group>"; };
		4F3049412118983D00BA3961 /* script.js */ = {isa = PBXFileReference; lastKnownFileType = sourcecode.javascript; path = script.js; sourceTree = "<group>"; };
		4F3049432118983D00BA3961 /* ToolbarItemIcon.pdf */ = {isa = PBXFileReference; lastKnownFileType = image.pdf; path = ToolbarItemIcon.pdf; sourceTree = "<group>"; };
		4F3049452118983D00BA3961 /* SafariExtension.entitlements */ = {isa = PBXFileReference; lastKnownFileType = text.plist.entitlements; path = SafariExtension.entitlements; sourceTree = "<group>"; };
		4F3049512118985C00BA3961 /* ContentBlocker.appex */ = {isa = PBXFileReference; explicitFileType = "wrapper.app-extension"; includeInIndex = 0; path = ContentBlocker.appex; sourceTree = BUILT_PRODUCTS_DIR; };
		4F3049542118985C00BA3961 /* blockerList.json */ = {isa = PBXFileReference; lastKnownFileType = text.json; path = blockerList.json; sourceTree = "<group>"; };
		4F3049562118985C00BA3961 /* ContentBlockerRequestHandler.swift */ = {isa = PBXFileReference; lastKnownFileType = sourcecode.swift; path = ContentBlockerRequestHandler.swift; sourceTree = "<group>"; };
		4F3049582118985C00BA3961 /* Info.plist */ = {isa = PBXFileReference; lastKnownFileType = text.plist.xml; path = Info.plist; sourceTree = "<group>"; };
		4F3049592118985C00BA3961 /* ContentBlocker.entitlements */ = {isa = PBXFileReference; lastKnownFileType = text.plist.entitlements; path = ContentBlocker.entitlements; sourceTree = "<group>"; };
		4F30498C2119F46700BA3961 /* TrackerListBug.swift */ = {isa = PBXFileReference; fileEncoding = 4; lastKnownFileType = sourcecode.swift; path = TrackerListBug.swift; sourceTree = "<group>"; };
		4F30498D2119F46700BA3961 /* TrackerListRegex.swift */ = {isa = PBXFileReference; fileEncoding = 4; lastKnownFileType = sourcecode.swift; path = TrackerListRegex.swift; sourceTree = "<group>"; };
		4F30498E2119F46700BA3961 /* TrieNode.swift */ = {isa = PBXFileReference; fileEncoding = 4; lastKnownFileType = sourcecode.swift; path = TrieNode.swift; sourceTree = "<group>"; };
		4F30498F2119F46700BA3961 /* TrackerListApp.swift */ = {isa = PBXFileReference; fileEncoding = 4; lastKnownFileType = sourcecode.swift; path = TrackerListApp.swift; sourceTree = "<group>"; };
		4F3049902119F46700BA3961 /* TrackerList.swift */ = {isa = PBXFileReference; fileEncoding = 4; lastKnownFileType = sourcecode.swift; path = TrackerList.swift; sourceTree = "<group>"; };
		4F3049912119F46700BA3961 /* TrackerListPath.swift */ = {isa = PBXFileReference; fileEncoding = 4; lastKnownFileType = sourcecode.swift; path = TrackerListPath.swift; sourceTree = "<group>"; };
		4F3049922119F46700BA3961 /* PageTrackersFound.swift */ = {isa = PBXFileReference; fileEncoding = 4; lastKnownFileType = sourcecode.swift; path = PageTrackersFound.swift; sourceTree = "<group>"; };
		4F3049932119F46700BA3961 /* TrackerListHosts.swift */ = {isa = PBXFileReference; fileEncoding = 4; lastKnownFileType = sourcecode.swift; path = TrackerListHosts.swift; sourceTree = "<group>"; };
		4F3049942119F46700BA3961 /* TrackerListHostPaths.swift */ = {isa = PBXFileReference; fileEncoding = 4; lastKnownFileType = sourcecode.swift; path = TrackerListHostPaths.swift; sourceTree = "<group>"; };
		4F3049A12119F4FC00BA3961 /* ArrayExtensions.swift */ = {isa = PBXFileReference; fileEncoding = 4; lastKnownFileType = sourcecode.swift; path = ArrayExtensions.swift; sourceTree = "<group>"; };
		4F3049A22119F4FC00BA3961 /* DictionaryExtensions.swift */ = {isa = PBXFileReference; fileEncoding = 4; lastKnownFileType = sourcecode.swift; path = DictionaryExtensions.swift; sourceTree = "<group>"; };
		4F3049A32119F4FC00BA3961 /* URLExtension.swift */ = {isa = PBXFileReference; fileEncoding = 4; lastKnownFileType = sourcecode.swift; path = URLExtension.swift; sourceTree = "<group>"; };
		4F3049AE211B36E800BA3961 /* BlockListFileManager.swift */ = {isa = PBXFileReference; lastKnownFileType = sourcecode.swift; path = BlockListFileManager.swift; sourceTree = "<group>"; };
		4F3049B3211C6D3200BA3961 /* AntiTrackingManager.swift */ = {isa = PBXFileReference; lastKnownFileType = sourcecode.swift; path = AntiTrackingManager.swift; sourceTree = "<group>"; };
		4F78F69A212B052900C4B82E /* SafariExtensionHandler.swift */ = {isa = PBXFileReference; lastKnownFileType = sourcecode.swift; path = SafariExtensionHandler.swift; sourceTree = "<group>"; };
		4F78F69C212B052900C4B82E /* SafariExtensionViewController.swift */ = {isa = PBXFileReference; lastKnownFileType = sourcecode.swift; path = SafariExtensionViewController.swift; sourceTree = "<group>"; };
		4F78F69F212B052900C4B82E /* Base */ = {isa = PBXFileReference; lastKnownFileType = file.xib; name = Base; path = Base.lproj/SafariExtensionViewController.xib; sourceTree = "<group>"; };
		4F78F6A1212B052900C4B82E /* Info.plist */ = {isa = PBXFileReference; lastKnownFileType = text.plist.xml; path = Info.plist; sourceTree = "<group>"; };
		4F78F6A2212B052900C4B82E /* script.js */ = {isa = PBXFileReference; lastKnownFileType = sourcecode.javascript; path = script.js; sourceTree = "<group>"; };
		4F78F6A4212B052900C4B82E /* ToolbarItemIcon.pdf */ = {isa = PBXFileReference; lastKnownFileType = image.pdf; path = ToolbarItemIcon.pdf; sourceTree = "<group>"; };
		4F78F6A6212B052900C4B82E /* SafariPopup.entitlements */ = {isa = PBXFileReference; lastKnownFileType = text.plist.entitlements; path = SafariPopup.entitlements; sourceTree = "<group>"; };
		4F931A1421259BEC00AF4226 /* DomainConfigRepository.swift */ = {isa = PBXFileReference; lastKnownFileType = sourcecode.swift; path = DomainConfigRepository.swift; sourceTree = "<group>"; };
		4F931A162125AD6500AF4226 /* RealmRepository.swift */ = {isa = PBXFileReference; lastKnownFileType = sourcecode.swift; path = RealmRepository.swift; sourceTree = "<group>"; };
		4F931A182125ADD500AF4226 /* CrudRepository.swift */ = {isa = PBXFileReference; lastKnownFileType = sourcecode.swift; path = CrudRepository.swift; sourceTree = "<group>"; };
		4F931A242126C8C900AF4226 /* Constants.swift */ = {isa = PBXFileReference; lastKnownFileType = sourcecode.swift; path = Constants.swift; sourceTree = "<group>"; };
		4F931A282126E06000AF4226 /* DomainConfigDataSource.swift */ = {isa = PBXFileReference; lastKnownFileType = sourcecode.swift; path = DomainConfigDataSource.swift; sourceTree = "<group>"; };
		4FCC792E211D9C54003A9823 /* ghostery_content_blocker.json */ = {isa = PBXFileReference; fileEncoding = 4; lastKnownFileType = text.json; path = ghostery_content_blocker.json; sourceTree = "<group>"; };
		4FFD8313212B36BC0038149F /* FileManagerExtension.swift */ = {isa = PBXFileReference; lastKnownFileType = sourcecode.swift; path = FileManagerExtension.swift; sourceTree = "<group>"; };
		871270F350184074300264CE /* Pods-GhosteryLite.release.xcconfig */ = {isa = PBXFileReference; includeInIndex = 1; lastKnownFileType = text.xcconfig; name = "Pods-GhosteryLite.release.xcconfig"; path = "Pods/Target Support Files/Pods-GhosteryLite/Pods-GhosteryLite.release.xcconfig"; sourceTree = "<group>"; };
		AB6E6A3A7F09CA6028BBC263 /* Pods_SafariExtension.framework */ = {isa = PBXFileReference; explicitFileType = wrapper.framework; includeInIndex = 0; path = Pods_SafariExtension.framework; sourceTree = BUILT_PRODUCTS_DIR; };
		B132EB5ADA4E362C9953CF32 /* Pods-SafariExtension.release.xcconfig */ = {isa = PBXFileReference; includeInIndex = 1; lastKnownFileType = text.xcconfig; name = "Pods-SafariExtension.release.xcconfig"; path = "Pods/Target Support Files/Pods-SafariExtension/Pods-SafariExtension.release.xcconfig"; sourceTree = "<group>"; };
		C0ED2F60680AAB12316E2515 /* Pods-SafariExtension.debug.xcconfig */ = {isa = PBXFileReference; includeInIndex = 1; lastKnownFileType = text.xcconfig; name = "Pods-SafariExtension.debug.xcconfig"; path = "Pods/Target Support Files/Pods-SafariExtension/Pods-SafariExtension.debug.xcconfig"; sourceTree = "<group>"; };
		E4F7CCF571DEB0BE3D51F755 /* Pods-GhosteryLite.debug.xcconfig */ = {isa = PBXFileReference; includeInIndex = 1; lastKnownFileType = text.xcconfig; name = "Pods-GhosteryLite.debug.xcconfig"; path = "Pods/Target Support Files/Pods-GhosteryLite/Pods-GhosteryLite.debug.xcconfig"; sourceTree = "<group>"; };
		E882B4CED52B6C3590AA9F5D /* Pods_GhosteryLite.framework */ = {isa = PBXFileReference; explicitFileType = wrapper.framework; includeInIndex = 0; path = Pods_GhosteryLite.framework; sourceTree = BUILT_PRODUCTS_DIR; };
		F9E6DD48CC7939FB760044B0 /* Pods-ContentBlocker.release.xcconfig */ = {isa = PBXFileReference; includeInIndex = 1; lastKnownFileType = text.xcconfig; name = "Pods-ContentBlocker.release.xcconfig"; path = "Pods/Target Support Files/Pods-ContentBlocker/Pods-ContentBlocker.release.xcconfig"; sourceTree = "<group>"; };
/* End PBXFileReference section */

/* Begin PBXFrameworksBuildPhase section */
		4F30491A2118982600BA3961 /* Frameworks */ = {
			isa = PBXFrameworksBuildPhase;
			buildActionMask = 2147483647;
			files = (
				F124157D8C4330395AE8B7CF /* Pods_GhosteryLite.framework in Frameworks */,
			);
			runOnlyForDeploymentPostprocessing = 0;
		};
		4F3049312118983D00BA3961 /* Frameworks */ = {
			isa = PBXFrameworksBuildPhase;
			buildActionMask = 2147483647;
			files = (
				4F3049372118983D00BA3961 /* Cocoa.framework in Frameworks */,
				D146948444D48F136412C66E /* Pods_SafariExtension.framework in Frameworks */,
			);
			runOnlyForDeploymentPostprocessing = 0;
		};
		4F30494E2118985C00BA3961 /* Frameworks */ = {
			isa = PBXFrameworksBuildPhase;
			buildActionMask = 2147483647;
			files = (
				4F3049522118985C00BA3961 /* Cocoa.framework in Frameworks */,
				3E9973FC6C3C5AE1182E8E7B /* Pods_ContentBlocker.framework in Frameworks */,
			);
			runOnlyForDeploymentPostprocessing = 0;
		};
/* End PBXFrameworksBuildPhase section */

/* Begin PBXGroup section */
		35CAFFFF61FA043B926A6BE3 /* Pods */ = {
			isa = PBXGroup;
			children = (
				E4F7CCF571DEB0BE3D51F755 /* Pods-GhosteryLite.debug.xcconfig */,
				871270F350184074300264CE /* Pods-GhosteryLite.release.xcconfig */,
				20D8DDE934AC7DA8B920E530 /* Pods-ContentBlocker.debug.xcconfig */,
				F9E6DD48CC7939FB760044B0 /* Pods-ContentBlocker.release.xcconfig */,
				C0ED2F60680AAB12316E2515 /* Pods-SafariExtension.debug.xcconfig */,
				B132EB5ADA4E362C9953CF32 /* Pods-SafariExtension.release.xcconfig */,
			);
			name = Pods;
			sourceTree = "<group>";
		};
		4F3049142118982600BA3961 = {
			isa = PBXGroup;
			children = (
				4F30491F2118982600BA3961 /* GhosteryLite */,
				4F3049382118983D00BA3961 /* SafariExtension */,
				4F3049532118985C00BA3961 /* ContentBlocker */,
				4F78F699212B052900C4B82E /* SafariPopup */,
				4F3049352118983D00BA3961 /* Frameworks */,
				4F30491E2118982600BA3961 /* Products */,
				35CAFFFF61FA043B926A6BE3 /* Pods */,
			);
			sourceTree = "<group>";
		};
		4F30491E2118982600BA3961 /* Products */ = {
			isa = PBXGroup;
			children = (
				4F30491D2118982600BA3961 /* GhosteryLite.app */,
				4F3049342118983D00BA3961 /* SafariExtension.appex */,
				4F3049512118985C00BA3961 /* ContentBlocker.appex */,
			);
			name = Products;
			sourceTree = "<group>";
		};
		4F30491F2118982600BA3961 /* GhosteryLite */ = {
			isa = PBXGroup;
			children = (
				4F931A232126C8AF00AF4226 /* Common */,
				4F3049A02119F4FC00BA3961 /* Extensions */,
				4F30498A2119F46700BA3961 /* AntiTracking */,
				4F3049202118982600BA3961 /* AppDelegate.swift */,
				4F3049222118982600BA3961 /* ViewController.swift */,
				4F3049242118982700BA3961 /* Assets.xcassets */,
				4F3049262118982700BA3961 /* Main.storyboard */,
				4F3049292118982700BA3961 /* Info.plist */,
				4F30492A2118982700BA3961 /* GhosteryLite.entitlements */,
			);
			path = GhosteryLite;
			sourceTree = "<group>";
		};
		4F3049352118983D00BA3961 /* Frameworks */ = {
			isa = PBXGroup;
			children = (
				4F3049362118983D00BA3961 /* Cocoa.framework */,
				E882B4CED52B6C3590AA9F5D /* Pods_GhosteryLite.framework */,
				2B1C37253CAD1E7BF0CB1212 /* Pods_ContentBlocker.framework */,
				AB6E6A3A7F09CA6028BBC263 /* Pods_SafariExtension.framework */,
			);
			name = Frameworks;
			sourceTree = "<group>";
		};
		4F3049382118983D00BA3961 /* SafariExtension */ = {
			isa = PBXGroup;
			children = (
				4F3049392118983D00BA3961 /* SafariExtensionHandler.swift */,
				4F30493B2118983D00BA3961 /* SafariExtensionViewController.swift */,
				4F30493D2118983D00BA3961 /* SafariExtensionViewController.xib */,
				4F3049402118983D00BA3961 /* Info.plist */,
				4F3049412118983D00BA3961 /* script.js */,
				4F3049432118983D00BA3961 /* ToolbarItemIcon.pdf */,
				4F3049452118983D00BA3961 /* SafariExtension.entitlements */,
			);
			path = SafariExtension;
			sourceTree = "<group>";
		};
		4F3049532118985C00BA3961 /* ContentBlocker */ = {
			isa = PBXGroup;
			children = (
				4F3049542118985C00BA3961 /* blockerList.json */,
				4F3049562118985C00BA3961 /* ContentBlockerRequestHandler.swift */,
				4F3049582118985C00BA3961 /* Info.plist */,
				4F3049592118985C00BA3961 /* ContentBlocker.entitlements */,
			);
			path = ContentBlocker;
			sourceTree = "<group>";
		};
		4F30498A2119F46700BA3961 /* AntiTracking */ = {
			isa = PBXGroup;
			children = (
				4F4BE2DF212595AE00FEE71E /* ConfigStorage */,
				4FCC792D211D9BE8003A9823 /* BlockListAssets */,
				4F3049AB211B368000BA3961 /* BlockListManagement */,
				4F30498B2119F46700BA3961 /* TrackingManagement */,
				4F3049B3211C6D3200BA3961 /* AntiTrackingManager.swift */,
			);
			path = AntiTracking;
			sourceTree = "<group>";
		};
		4F30498B2119F46700BA3961 /* TrackingManagement */ = {
			isa = PBXGroup;
			children = (
				4F30498C2119F46700BA3961 /* TrackerListBug.swift */,
				4F30498D2119F46700BA3961 /* TrackerListRegex.swift */,
				4F30498E2119F46700BA3961 /* TrieNode.swift */,
				4F30498F2119F46700BA3961 /* TrackerListApp.swift */,
				4F3049902119F46700BA3961 /* TrackerList.swift */,
				4F3049912119F46700BA3961 /* TrackerListPath.swift */,
				4F3049922119F46700BA3961 /* PageTrackersFound.swift */,
				4F3049932119F46700BA3961 /* TrackerListHosts.swift */,
				4F3049942119F46700BA3961 /* TrackerListHostPaths.swift */,
			);
			path = TrackingManagement;
			sourceTree = "<group>";
		};
		4F3049A02119F4FC00BA3961 /* Extensions */ = {
			isa = PBXGroup;
			children = (
				4F3049A12119F4FC00BA3961 /* ArrayExtensions.swift */,
				4F3049A22119F4FC00BA3961 /* DictionaryExtensions.swift */,
				4F3049A32119F4FC00BA3961 /* URLExtension.swift */,
				4FFD8313212B36BC0038149F /* FileManagerExtension.swift */,
			);
			path = Extensions;
			sourceTree = "<group>";
		};
		4F3049AB211B368000BA3961 /* BlockListManagement */ = {
			isa = PBXGroup;
			children = (
				4F3049AE211B36E800BA3961 /* BlockListFileManager.swift */,
			);
			path = BlockListManagement;
			sourceTree = "<group>";
		};
		4F4BE2DF212595AE00FEE71E /* ConfigStorage */ = {
			isa = PBXGroup;
			children = (
				4F931A1421259BEC00AF4226 /* DomainConfigRepository.swift */,
				4F931A162125AD6500AF4226 /* RealmRepository.swift */,
				4F931A182125ADD500AF4226 /* CrudRepository.swift */,
				4F931A282126E06000AF4226 /* DomainConfigDataSource.swift */,
			);
			path = ConfigStorage;
			sourceTree = "<group>";
		};
		4F78F699212B052900C4B82E /* SafariPopup */ = {
			isa = PBXGroup;
			children = (
				4F78F69A212B052900C4B82E /* SafariExtensionHandler.swift */,
				4F78F69C212B052900C4B82E /* SafariExtensionViewController.swift */,
				4F78F69E212B052900C4B82E /* SafariExtensionViewController.xib */,
				4F78F6A1212B052900C4B82E /* Info.plist */,
				4F78F6A2212B052900C4B82E /* script.js */,
				4F78F6A4212B052900C4B82E /* ToolbarItemIcon.pdf */,
				4F78F6A6212B052900C4B82E /* SafariPopup.entitlements */,
			);
			path = SafariPopup;
			sourceTree = "<group>";
		};
		4F931A232126C8AF00AF4226 /* Common */ = {
			isa = PBXGroup;
			children = (
				4F931A242126C8C900AF4226 /* Constants.swift */,
			);
			path = Common;
			sourceTree = "<group>";
		};
		4FCC792D211D9BE8003A9823 /* BlockListAssets */ = {
			isa = PBXGroup;
			children = (
				4FCC792E211D9C54003A9823 /* ghostery_content_blocker.json */,
			);
			path = BlockListAssets;
			sourceTree = "<group>";
		};
/* End PBXGroup section */

/* Begin PBXNativeTarget section */
		4F30491C2118982600BA3961 /* GhosteryLite */ = {
			isa = PBXNativeTarget;
			buildConfigurationList = 4F30492D2118982700BA3961 /* Build configuration list for PBXNativeTarget "GhosteryLite" */;
			buildPhases = (
				74A204C459E2813E667F381E /* [CP] Check Pods Manifest.lock */,
				4F3049192118982600BA3961 /* Sources */,
				4F30491A2118982600BA3961 /* Frameworks */,
				4F30491B2118982600BA3961 /* Resources */,
				4F30494C2118983D00BA3961 /* Embed App Extensions */,
				57269BFA53F7F09A9825ABEB /* [CP] Embed Pods Frameworks */,
			);
			buildRules = (
			);
			dependencies = (
				4F3049472118983D00BA3961 /* PBXTargetDependency */,
				4F30495B2118985C00BA3961 /* PBXTargetDependency */,
			);
			name = GhosteryLite;
			productName = GhosteryLite;
			productReference = 4F30491D2118982600BA3961 /* GhosteryLite.app */;
			productType = "com.apple.product-type.application";
		};
		4F3049332118983D00BA3961 /* SafariExtension */ = {
			isa = PBXNativeTarget;
			buildConfigurationList = 4F3049492118983D00BA3961 /* Build configuration list for PBXNativeTarget "SafariExtension" */;
			buildPhases = (
				CC2D4694AF65C856ED99B336 /* [CP] Check Pods Manifest.lock */,
				4F3049302118983D00BA3961 /* Sources */,
				4F3049312118983D00BA3961 /* Frameworks */,
				4F3049322118983D00BA3961 /* Resources */,
			);
			buildRules = (
			);
			dependencies = (
			);
			name = SafariExtension;
			productName = SafariExtension;
			productReference = 4F3049342118983D00BA3961 /* SafariExtension.appex */;
			productType = "com.apple.product-type.app-extension";
		};
		4F3049502118985C00BA3961 /* ContentBlocker */ = {
			isa = PBXNativeTarget;
			buildConfigurationList = 4F30495D2118985C00BA3961 /* Build configuration list for PBXNativeTarget "ContentBlocker" */;
			buildPhases = (
				0E9736C7FFCEDE606EE4EC75 /* [CP] Check Pods Manifest.lock */,
				4F30494D2118985C00BA3961 /* Sources */,
				4F30494E2118985C00BA3961 /* Frameworks */,
				4F30494F2118985C00BA3961 /* Resources */,
			);
			buildRules = (
			);
			dependencies = (
			);
			name = ContentBlocker;
			productName = ContentBlocker;
			productReference = 4F3049512118985C00BA3961 /* ContentBlocker.appex */;
			productType = "com.apple.product-type.app-extension";
		};
/* End PBXNativeTarget section */

/* Begin PBXProject section */
		4F3049152118982600BA3961 /* Project object */ = {
			isa = PBXProject;
			attributes = {
				LastSwiftUpdateCheck = 0940;
				LastUpgradeCheck = 0940;
				ORGANIZATIONNAME = Ghostery;
				TargetAttributes = {
					4F30491C2118982600BA3961 = {
						CreatedOnToolsVersion = 9.4;
						SystemCapabilities = {
							com.apple.ApplicationGroups.Mac = {
								enabled = 1;
							};
						};
					};
					4F3049332118983D00BA3961 = {
						CreatedOnToolsVersion = 9.4;
						SystemCapabilities = {
							com.apple.ApplicationGroups.Mac = {
								enabled = 1;
							};
						};
					};
					4F3049502118985C00BA3961 = {
						CreatedOnToolsVersion = 9.4;
						SystemCapabilities = {
							com.apple.ApplicationGroups.Mac = {
								enabled = 1;
							};
						};
					};
				};
			};
			buildConfigurationList = 4F3049182118982600BA3961 /* Build configuration list for PBXProject "GhosteryLite" */;
			compatibilityVersion = "Xcode 9.3";
			developmentRegion = en;
			hasScannedForEncodings = 0;
			knownRegions = (
				en,
				Base,
			);
			mainGroup = 4F3049142118982600BA3961;
			productRefGroup = 4F30491E2118982600BA3961 /* Products */;
			projectDirPath = "";
			projectRoot = "";
			targets = (
				4F30491C2118982600BA3961 /* GhosteryLite */,
				4F3049332118983D00BA3961 /* SafariExtension */,
				4F3049502118985C00BA3961 /* ContentBlocker */,
			);
		};
/* End PBXProject section */

/* Begin PBXResourcesBuildPhase section */
		4F30491B2118982600BA3961 /* Resources */ = {
			isa = PBXResourcesBuildPhase;
			buildActionMask = 2147483647;
			files = (
				4FCC792F211D9C54003A9823 /* ghostery_content_blocker.json in Resources */,
				4F3049252118982700BA3961 /* Assets.xcassets in Resources */,
				4F3049282118982700BA3961 /* Main.storyboard in Resources */,
			);
			runOnlyForDeploymentPostprocessing = 0;
		};
		4F3049322118983D00BA3961 /* Resources */ = {
			isa = PBXResourcesBuildPhase;
			buildActionMask = 2147483647;
			files = (
				4F3049442118983D00BA3961 /* ToolbarItemIcon.pdf in Resources */,
				4F30493F2118983D00BA3961 /* SafariExtensionViewController.xib in Resources */,
				4F3049422118983D00BA3961 /* script.js in Resources */,
			);
			runOnlyForDeploymentPostprocessing = 0;
		};
		4F30494F2118985C00BA3961 /* Resources */ = {
			isa = PBXResourcesBuildPhase;
			buildActionMask = 2147483647;
			files = (
				4F3049552118985C00BA3961 /* blockerList.json in Resources */,
			);
			runOnlyForDeploymentPostprocessing = 0;
		};
/* End PBXResourcesBuildPhase section */

/* Begin PBXShellScriptBuildPhase section */
		0E9736C7FFCEDE606EE4EC75 /* [CP] Check Pods Manifest.lock */ = {
			isa = PBXShellScriptBuildPhase;
			buildActionMask = 2147483647;
			files = (
			);
			inputPaths = (
				"${PODS_PODFILE_DIR_PATH}/Podfile.lock",
				"${PODS_ROOT}/Manifest.lock",
			);
			name = "[CP] Check Pods Manifest.lock";
			outputPaths = (
				"$(DERIVED_FILE_DIR)/Pods-ContentBlocker-checkManifestLockResult.txt",
			);
			runOnlyForDeploymentPostprocessing = 0;
			shellPath = /bin/sh;
			shellScript = "diff \"${PODS_PODFILE_DIR_PATH}/Podfile.lock\" \"${PODS_ROOT}/Manifest.lock\" > /dev/null\nif [ $? != 0 ] ; then\n    # print error to STDERR\n    echo \"error: The sandbox is not in sync with the Podfile.lock. Run 'pod install' or update your CocoaPods installation.\" >&2\n    exit 1\nfi\n# This output is used by Xcode 'outputs' to avoid re-running this script phase.\necho \"SUCCESS\" > \"${SCRIPT_OUTPUT_FILE_0}\"\n";
			showEnvVarsInLog = 0;
		};
		57269BFA53F7F09A9825ABEB /* [CP] Embed Pods Frameworks */ = {
			isa = PBXShellScriptBuildPhase;
			buildActionMask = 2147483647;
			files = (
			);
			inputPaths = (
				"${SRCROOT}/Pods/Target Support Files/Pods-GhosteryLite/Pods-GhosteryLite-frameworks.sh",
				"${BUILT_PRODUCTS_DIR}/Alamofire/Alamofire.framework",
				"${BUILT_PRODUCTS_DIR}/Realm/Realm.framework",
				"${BUILT_PRODUCTS_DIR}/RealmSwift/RealmSwift.framework",
			);
			name = "[CP] Embed Pods Frameworks";
			outputPaths = (
				"${TARGET_BUILD_DIR}/${FRAMEWORKS_FOLDER_PATH}/Alamofire.framework",
				"${TARGET_BUILD_DIR}/${FRAMEWORKS_FOLDER_PATH}/Realm.framework",
				"${TARGET_BUILD_DIR}/${FRAMEWORKS_FOLDER_PATH}/RealmSwift.framework",
			);
			runOnlyForDeploymentPostprocessing = 0;
			shellPath = /bin/sh;
			shellScript = "\"${SRCROOT}/Pods/Target Support Files/Pods-GhosteryLite/Pods-GhosteryLite-frameworks.sh\"\n";
			showEnvVarsInLog = 0;
		};
		74A204C459E2813E667F381E /* [CP] Check Pods Manifest.lock */ = {
			isa = PBXShellScriptBuildPhase;
			buildActionMask = 2147483647;
			files = (
			);
			inputPaths = (
				"${PODS_PODFILE_DIR_PATH}/Podfile.lock",
				"${PODS_ROOT}/Manifest.lock",
			);
			name = "[CP] Check Pods Manifest.lock";
			outputPaths = (
				"$(DERIVED_FILE_DIR)/Pods-GhosteryLite-checkManifestLockResult.txt",
			);
			runOnlyForDeploymentPostprocessing = 0;
			shellPath = /bin/sh;
			shellScript = "diff \"${PODS_PODFILE_DIR_PATH}/Podfile.lock\" \"${PODS_ROOT}/Manifest.lock\" > /dev/null\nif [ $? != 0 ] ; then\n    # print error to STDERR\n    echo \"error: The sandbox is not in sync with the Podfile.lock. Run 'pod install' or update your CocoaPods installation.\" >&2\n    exit 1\nfi\n# This output is used by Xcode 'outputs' to avoid re-running this script phase.\necho \"SUCCESS\" > \"${SCRIPT_OUTPUT_FILE_0}\"\n";
			showEnvVarsInLog = 0;
		};
		CC2D4694AF65C856ED99B336 /* [CP] Check Pods Manifest.lock */ = {
			isa = PBXShellScriptBuildPhase;
			buildActionMask = 2147483647;
			files = (
			);
			inputPaths = (
				"${PODS_PODFILE_DIR_PATH}/Podfile.lock",
				"${PODS_ROOT}/Manifest.lock",
			);
			name = "[CP] Check Pods Manifest.lock";
			outputPaths = (
				"$(DERIVED_FILE_DIR)/Pods-SafariExtension-checkManifestLockResult.txt",
			);
			runOnlyForDeploymentPostprocessing = 0;
			shellPath = /bin/sh;
			shellScript = "diff \"${PODS_PODFILE_DIR_PATH}/Podfile.lock\" \"${PODS_ROOT}/Manifest.lock\" > /dev/null\nif [ $? != 0 ] ; then\n    # print error to STDERR\n    echo \"error: The sandbox is not in sync with the Podfile.lock. Run 'pod install' or update your CocoaPods installation.\" >&2\n    exit 1\nfi\n# This output is used by Xcode 'outputs' to avoid re-running this script phase.\necho \"SUCCESS\" > \"${SCRIPT_OUTPUT_FILE_0}\"\n";
			showEnvVarsInLog = 0;
		};
/* End PBXShellScriptBuildPhase section */

/* Begin PBXSourcesBuildPhase section */
		4F3049192118982600BA3961 /* Sources */ = {
			isa = PBXSourcesBuildPhase;
			buildActionMask = 2147483647;
			files = (
				4F3049A42119F4FC00BA3961 /* ArrayExtensions.swift in Sources */,
				4F931A292126E06000AF4226 /* DomainConfigDataSource.swift in Sources */,
				4F3049A52119F4FC00BA3961 /* DictionaryExtensions.swift in Sources */,
				4F931A1521259BEC00AF4226 /* DomainConfigRepository.swift in Sources */,
				4F3049972119F46700BA3961 /* TrackerListRegex.swift in Sources */,
				4F30499C2119F46700BA3961 /* PageTrackersFound.swift in Sources */,
				4F3049A62119F4FC00BA3961 /* URLExtension.swift in Sources */,
				4F3049232118982600BA3961 /* ViewController.swift in Sources */,
				4F30499A2119F46700BA3961 /* TrackerList.swift in Sources */,
				4F3049AF211B36E800BA3961 /* BlockListFileManager.swift in Sources */,
				4F3049B4211C6D3200BA3961 /* AntiTrackingManager.swift in Sources */,
				4F30499D2119F46700BA3961 /* TrackerListHosts.swift in Sources */,
				4F3049992119F46700BA3961 /* TrackerListApp.swift in Sources */,
				4F931A192125ADD500AF4226 /* CrudRepository.swift in Sources */,
				4F3049982119F46700BA3961 /* TrieNode.swift in Sources */,
				4F30499B2119F46700BA3961 /* TrackerListPath.swift in Sources */,
				4F931A252126C8C900AF4226 /* Constants.swift in Sources */,
				4F3049962119F46700BA3961 /* TrackerListBug.swift in Sources */,
				4F3049212118982600BA3961 /* AppDelegate.swift in Sources */,
				4FFD8314212B36BC0038149F /* FileManagerExtension.swift in Sources */,
				4F30499E2119F46700BA3961 /* TrackerListHostPaths.swift in Sources */,
				4F931A172125AD6500AF4226 /* RealmRepository.swift in Sources */,
			);
			runOnlyForDeploymentPostprocessing = 0;
		};
		4F3049302118983D00BA3961 /* Sources */ = {
			isa = PBXSourcesBuildPhase;
			buildActionMask = 2147483647;
			files = (
				4F931A212125DA5200AF4226 /* BlockListFileManager.swift in Sources */,
				4F30493C2118983D00BA3961 /* SafariExtensionViewController.swift in Sources */,
				4F30493A2118983D00BA3961 /* SafariExtensionHandler.swift in Sources */,
				4F931A1E2125D3F500AF4226 /* AntiTrackingManager.swift in Sources */,
				4F931A1F2125D45400AF4226 /* DomainConfigRepository.swift in Sources */,
				4F931A222126C23800AF4226 /* CrudRepository.swift in Sources */,
				4F931A1D2125D3DE00AF4226 /* URLExtension.swift in Sources */,
				4F931A202125DA4100AF4226 /* RealmRepository.swift in Sources */,
				4FFD8315212B36BC0038149F /* FileManagerExtension.swift in Sources */,
				4F931A2A2126E06000AF4226 /* DomainConfigDataSource.swift in Sources */,
				4F931A262126C95A00AF4226 /* Constants.swift in Sources */,
			);
			runOnlyForDeploymentPostprocessing = 0;
		};
		4F30494D2118985C00BA3961 /* Sources */ = {
			isa = PBXSourcesBuildPhase;
			buildActionMask = 2147483647;
			files = (
				4F931A2B2126E06000AF4226 /* DomainConfigDataSource.swift in Sources */,
				4FFD8316212B36BC0038149F /* FileManagerExtension.swift in Sources */,
				4F931A1B2125CB1900AF4226 /* RealmRepository.swift in Sources */,
				4F3049B5211C71CB00BA3961 /* AntiTrackingManager.swift in Sources */,
				4F931A1A2125C4A700AF4226 /* DomainConfigRepository.swift in Sources */,
				4F3049B6211C721D00BA3961 /* BlockListFileManager.swift in Sources */,
				4F931A272126C95B00AF4226 /* Constants.swift in Sources */,
				4F3049572118985C00BA3961 /* ContentBlockerRequestHandler.swift in Sources */,
				4F931A1C2125CB1D00AF4226 /* CrudRepository.swift in Sources */,
			);
			runOnlyForDeploymentPostprocessing = 0;
		};
/* End PBXSourcesBuildPhase section */

/* Begin PBXTargetDependency section */
		4F3049472118983D00BA3961 /* PBXTargetDependency */ = {
			isa = PBXTargetDependency;
			target = 4F3049332118983D00BA3961 /* SafariExtension */;
			targetProxy = 4F3049462118983D00BA3961 /* PBXContainerItemProxy */;
		};
		4F30495B2118985C00BA3961 /* PBXTargetDependency */ = {
			isa = PBXTargetDependency;
			target = 4F3049502118985C00BA3961 /* ContentBlocker */;
			targetProxy = 4F30495A2118985C00BA3961 /* PBXContainerItemProxy */;
		};
/* End PBXTargetDependency section */

/* Begin PBXVariantGroup section */
		4F3049262118982700BA3961 /* Main.storyboard */ = {
			isa = PBXVariantGroup;
			children = (
				4F3049272118982700BA3961 /* Base */,
			);
			name = Main.storyboard;
			sourceTree = "<group>";
		};
		4F30493D2118983D00BA3961 /* SafariExtensionViewController.xib */ = {
			isa = PBXVariantGroup;
			children = (
				4F30493E2118983D00BA3961 /* Base */,
			);
			name = SafariExtensionViewController.xib;
			sourceTree = "<group>";
		};
		4F78F69E212B052900C4B82E /* SafariExtensionViewController.xib */ = {
			isa = PBXVariantGroup;
			children = (
				4F78F69F212B052900C4B82E /* Base */,
			);
			name = SafariExtensionViewController.xib;
			sourceTree = "<group>";
		};
/* End PBXVariantGroup section */

/* Begin XCBuildConfiguration section */
		4F30492B2118982700BA3961 /* Debug */ = {
			isa = XCBuildConfiguration;
			buildSettings = {
				ALWAYS_SEARCH_USER_PATHS = NO;
				CLANG_ANALYZER_NONNULL = YES;
				CLANG_ANALYZER_NUMBER_OBJECT_CONVERSION = YES_AGGRESSIVE;
				CLANG_CXX_LANGUAGE_STANDARD = "gnu++14";
				CLANG_CXX_LIBRARY = "libc++";
				CLANG_ENABLE_MODULES = YES;
				CLANG_ENABLE_OBJC_ARC = YES;
				CLANG_ENABLE_OBJC_WEAK = YES;
				CLANG_WARN_BLOCK_CAPTURE_AUTORELEASING = YES;
				CLANG_WARN_BOOL_CONVERSION = YES;
				CLANG_WARN_COMMA = YES;
				CLANG_WARN_CONSTANT_CONVERSION = YES;
				CLANG_WARN_DEPRECATED_OBJC_IMPLEMENTATIONS = YES;
				CLANG_WARN_DIRECT_OBJC_ISA_USAGE = YES_ERROR;
				CLANG_WARN_DOCUMENTATION_COMMENTS = YES;
				CLANG_WARN_EMPTY_BODY = YES;
				CLANG_WARN_ENUM_CONVERSION = YES;
				CLANG_WARN_INFINITE_RECURSION = YES;
				CLANG_WARN_INT_CONVERSION = YES;
				CLANG_WARN_NON_LITERAL_NULL_CONVERSION = YES;
				CLANG_WARN_OBJC_IMPLICIT_RETAIN_SELF = YES;
				CLANG_WARN_OBJC_LITERAL_CONVERSION = YES;
				CLANG_WARN_OBJC_ROOT_CLASS = YES_ERROR;
				CLANG_WARN_RANGE_LOOP_ANALYSIS = YES;
				CLANG_WARN_STRICT_PROTOTYPES = YES;
				CLANG_WARN_SUSPICIOUS_MOVE = YES;
				CLANG_WARN_UNGUARDED_AVAILABILITY = YES_AGGRESSIVE;
				CLANG_WARN_UNREACHABLE_CODE = YES;
				CLANG_WARN__DUPLICATE_METHOD_MATCH = YES;
				CODE_SIGN_IDENTITY = "Mac Developer";
				COPY_PHASE_STRIP = NO;
				DEBUG_INFORMATION_FORMAT = dwarf;
				ENABLE_STRICT_OBJC_MSGSEND = YES;
				ENABLE_TESTABILITY = YES;
				GCC_C_LANGUAGE_STANDARD = gnu11;
				GCC_DYNAMIC_NO_PIC = NO;
				GCC_NO_COMMON_BLOCKS = YES;
				GCC_OPTIMIZATION_LEVEL = 0;
				GCC_PREPROCESSOR_DEFINITIONS = (
					"DEBUG=1",
					"$(inherited)",
				);
				GCC_WARN_64_TO_32_BIT_CONVERSION = YES;
				GCC_WARN_ABOUT_RETURN_TYPE = YES_ERROR;
				GCC_WARN_UNDECLARED_SELECTOR = YES;
				GCC_WARN_UNINITIALIZED_AUTOS = YES_AGGRESSIVE;
				GCC_WARN_UNUSED_FUNCTION = YES;
				GCC_WARN_UNUSED_VARIABLE = YES;
				MACOSX_DEPLOYMENT_TARGET = 10.13;
				MTL_ENABLE_DEBUG_INFO = YES;
				ONLY_ACTIVE_ARCH = YES;
				SDKROOT = macosx;
				SWIFT_ACTIVE_COMPILATION_CONDITIONS = DEBUG;
				SWIFT_OPTIMIZATION_LEVEL = "-Onone";
			};
			name = Debug;
		};
		4F30492C2118982700BA3961 /* Release */ = {
			isa = XCBuildConfiguration;
			buildSettings = {
				ALWAYS_SEARCH_USER_PATHS = NO;
				CLANG_ANALYZER_NONNULL = YES;
				CLANG_ANALYZER_NUMBER_OBJECT_CONVERSION = YES_AGGRESSIVE;
				CLANG_CXX_LANGUAGE_STANDARD = "gnu++14";
				CLANG_CXX_LIBRARY = "libc++";
				CLANG_ENABLE_MODULES = YES;
				CLANG_ENABLE_OBJC_ARC = YES;
				CLANG_ENABLE_OBJC_WEAK = YES;
				CLANG_WARN_BLOCK_CAPTURE_AUTORELEASING = YES;
				CLANG_WARN_BOOL_CONVERSION = YES;
				CLANG_WARN_COMMA = YES;
				CLANG_WARN_CONSTANT_CONVERSION = YES;
				CLANG_WARN_DEPRECATED_OBJC_IMPLEMENTATIONS = YES;
				CLANG_WARN_DIRECT_OBJC_ISA_USAGE = YES_ERROR;
				CLANG_WARN_DOCUMENTATION_COMMENTS = YES;
				CLANG_WARN_EMPTY_BODY = YES;
				CLANG_WARN_ENUM_CONVERSION = YES;
				CLANG_WARN_INFINITE_RECURSION = YES;
				CLANG_WARN_INT_CONVERSION = YES;
				CLANG_WARN_NON_LITERAL_NULL_CONVERSION = YES;
				CLANG_WARN_OBJC_IMPLICIT_RETAIN_SELF = YES;
				CLANG_WARN_OBJC_LITERAL_CONVERSION = YES;
				CLANG_WARN_OBJC_ROOT_CLASS = YES_ERROR;
				CLANG_WARN_RANGE_LOOP_ANALYSIS = YES;
				CLANG_WARN_STRICT_PROTOTYPES = YES;
				CLANG_WARN_SUSPICIOUS_MOVE = YES;
				CLANG_WARN_UNGUARDED_AVAILABILITY = YES_AGGRESSIVE;
				CLANG_WARN_UNREACHABLE_CODE = YES;
				CLANG_WARN__DUPLICATE_METHOD_MATCH = YES;
				CODE_SIGN_IDENTITY = "Mac Developer";
				COPY_PHASE_STRIP = NO;
				DEBUG_INFORMATION_FORMAT = "dwarf-with-dsym";
				ENABLE_NS_ASSERTIONS = NO;
				ENABLE_STRICT_OBJC_MSGSEND = YES;
				GCC_C_LANGUAGE_STANDARD = gnu11;
				GCC_NO_COMMON_BLOCKS = YES;
				GCC_WARN_64_TO_32_BIT_CONVERSION = YES;
				GCC_WARN_ABOUT_RETURN_TYPE = YES_ERROR;
				GCC_WARN_UNDECLARED_SELECTOR = YES;
				GCC_WARN_UNINITIALIZED_AUTOS = YES_AGGRESSIVE;
				GCC_WARN_UNUSED_FUNCTION = YES;
				GCC_WARN_UNUSED_VARIABLE = YES;
				MACOSX_DEPLOYMENT_TARGET = 10.13;
				MTL_ENABLE_DEBUG_INFO = NO;
				SDKROOT = macosx;
				SWIFT_COMPILATION_MODE = wholemodule;
				SWIFT_OPTIMIZATION_LEVEL = "-O";
			};
			name = Release;
		};
		4F30492E2118982700BA3961 /* Debug */ = {
			isa = XCBuildConfiguration;
			baseConfigurationReference = E4F7CCF571DEB0BE3D51F755 /* Pods-GhosteryLite.debug.xcconfig */;
			buildSettings = {
				ALWAYS_EMBED_SWIFT_STANDARD_LIBRARIES = YES;
				ASSETCATALOG_COMPILER_APPICON_NAME = AppIcon;
				CODE_SIGN_ENTITLEMENTS = GhosteryLite/GhosteryLite.entitlements;
				CODE_SIGN_IDENTITY = "Mac Developer";
				CODE_SIGN_STYLE = Automatic;
				COMBINE_HIDPI_IMAGES = YES;
				DEVELOPMENT_TEAM = 2UYYSSHVUH;
				FRAMEWORK_SEARCH_PATHS = (
					"$(inherited)",
					"\"${PODS_CONFIGURATION_BUILD_DIR}/Alamofire\"",
				);
				INFOPLIST_FILE = GhosteryLite/Info.plist;
				LD_RUNPATH_SEARCH_PATHS = (
					"$(inherited)",
					"@executable_path/../Frameworks",
				);
				PRODUCT_BUNDLE_IDENTIFIER = Gh.GhosteryLite;
				PRODUCT_NAME = "$(TARGET_NAME)";
				PROVISIONING_PROFILE_SPECIFIER = "";
				SWIFT_VERSION = 4.0;
			};
			name = Debug;
		};
		4F30492F2118982700BA3961 /* Release */ = {
			isa = XCBuildConfiguration;
			baseConfigurationReference = 871270F350184074300264CE /* Pods-GhosteryLite.release.xcconfig */;
			buildSettings = {
				ALWAYS_EMBED_SWIFT_STANDARD_LIBRARIES = YES;
				ASSETCATALOG_COMPILER_APPICON_NAME = AppIcon;
				CODE_SIGN_ENTITLEMENTS = GhosteryLite/GhosteryLite.entitlements;
				CODE_SIGN_IDENTITY = "Mac Developer";
				CODE_SIGN_STYLE = Automatic;
				COMBINE_HIDPI_IMAGES = YES;
				DEVELOPMENT_TEAM = 2UYYSSHVUH;
				FRAMEWORK_SEARCH_PATHS = (
					"$(inherited)",
					"\"${PODS_CONFIGURATION_BUILD_DIR}/Alamofire\"",
				);
				INFOPLIST_FILE = GhosteryLite/Info.plist;
				LD_RUNPATH_SEARCH_PATHS = (
					"$(inherited)",
					"@executable_path/../Frameworks",
				);
				PRODUCT_BUNDLE_IDENTIFIER = Gh.GhosteryLite;
				PRODUCT_NAME = "$(TARGET_NAME)";
				PROVISIONING_PROFILE_SPECIFIER = "";
				SWIFT_VERSION = 4.0;
			};
			name = Release;
		};
		4F30494A2118983D00BA3961 /* Debug */ = {
			isa = XCBuildConfiguration;
			baseConfigurationReference = C0ED2F60680AAB12316E2515 /* Pods-SafariExtension.debug.xcconfig */;
			buildSettings = {
				CODE_SIGN_ENTITLEMENTS = SafariExtension/SafariExtension.entitlements;
				CODE_SIGN_IDENTITY = "Mac Developer";
				CODE_SIGN_STYLE = Automatic;
				DEVELOPMENT_TEAM = 2UYYSSHVUH;
				INFOPLIST_FILE = SafariExtension/Info.plist;
				LD_RUNPATH_SEARCH_PATHS = (
					"$(inherited)",
					"@executable_path/../Frameworks",
					"@executable_path/../../../../Frameworks",
				);
				PRODUCT_BUNDLE_IDENTIFIER = Gh.GhosteryLite.SafariExtension;
				PRODUCT_NAME = "$(TARGET_NAME)";
				PROVISIONING_PROFILE_SPECIFIER = "";
				SKIP_INSTALL = YES;
				SWIFT_VERSION = 4.0;
			};
			name = Debug;
		};
		4F30494B2118983D00BA3961 /* Release */ = {
			isa = XCBuildConfiguration;
			baseConfigurationReference = B132EB5ADA4E362C9953CF32 /* Pods-SafariExtension.release.xcconfig */;
			buildSettings = {
				CODE_SIGN_ENTITLEMENTS = SafariExtension/SafariExtension.entitlements;
				CODE_SIGN_IDENTITY = "Mac Developer";
				CODE_SIGN_STYLE = Automatic;
				DEVELOPMENT_TEAM = 2UYYSSHVUH;
				INFOPLIST_FILE = SafariExtension/Info.plist;
				LD_RUNPATH_SEARCH_PATHS = (
					"$(inherited)",
					"@executable_path/../Frameworks",
					"@executable_path/../../../../Frameworks",
				);
				PRODUCT_BUNDLE_IDENTIFIER = Gh.GhosteryLite.SafariExtension;
				PRODUCT_NAME = "$(TARGET_NAME)";
				PROVISIONING_PROFILE_SPECIFIER = "";
				SKIP_INSTALL = YES;
				SWIFT_VERSION = 4.0;
			};
			name = Release;
		};
		4F30495E2118985C00BA3961 /* Debug */ = {
			isa = XCBuildConfiguration;
			baseConfigurationReference = 20D8DDE934AC7DA8B920E530 /* Pods-ContentBlocker.debug.xcconfig */;
			buildSettings = {
				CODE_SIGN_ENTITLEMENTS = ContentBlocker/ContentBlocker.entitlements;
				CODE_SIGN_IDENTITY = "Mac Developer";
				CODE_SIGN_STYLE = Automatic;
				DEVELOPMENT_TEAM = 2UYYSSHVUH;
				INFOPLIST_FILE = ContentBlocker/Info.plist;
				LD_RUNPATH_SEARCH_PATHS = (
					"$(inherited)",
					"@executable_path/../Frameworks",
					"@executable_path/../../../../Frameworks",
				);
				PRODUCT_BUNDLE_IDENTIFIER = Gh.GhosteryLite.ContentBlocker;
				PRODUCT_NAME = "$(TARGET_NAME)";
				PROVISIONING_PROFILE_SPECIFIER = "";
				SKIP_INSTALL = YES;
				SWIFT_VERSION = 4.0;
			};
			name = Debug;
		};
		4F30495F2118985C00BA3961 /* Release */ = {
			isa = XCBuildConfiguration;
			baseConfigurationReference = F9E6DD48CC7939FB760044B0 /* Pods-ContentBlocker.release.xcconfig */;
			buildSettings = {
				CODE_SIGN_ENTITLEMENTS = ContentBlocker/ContentBlocker.entitlements;
				CODE_SIGN_IDENTITY = "Mac Developer";
				CODE_SIGN_STYLE = Automatic;
				DEVELOPMENT_TEAM = 2UYYSSHVUH;
				INFOPLIST_FILE = ContentBlocker/Info.plist;
				LD_RUNPATH_SEARCH_PATHS = (
					"$(inherited)",
					"@executable_path/../Frameworks",
					"@executable_path/../../../../Frameworks",
				);
				PRODUCT_BUNDLE_IDENTIFIER = Gh.GhosteryLite.ContentBlocker;
				PRODUCT_NAME = "$(TARGET_NAME)";
				PROVISIONING_PROFILE_SPECIFIER = "";
				SKIP_INSTALL = YES;
				SWIFT_VERSION = 4.0;
			};
			name = Release;
		};
/* End XCBuildConfiguration section */

/* Begin XCConfigurationList section */
		4F3049182118982600BA3961 /* Build configuration list for PBXProject "GhosteryLite" */ = {
			isa = XCConfigurationList;
			buildConfigurations = (
				4F30492B2118982700BA3961 /* Debug */,
				4F30492C2118982700BA3961 /* Release */,
			);
			defaultConfigurationIsVisible = 0;
			defaultConfigurationName = Release;
		};
		4F30492D2118982700BA3961 /* Build configuration list for PBXNativeTarget "GhosteryLite" */ = {
			isa = XCConfigurationList;
			buildConfigurations = (
				4F30492E2118982700BA3961 /* Debug */,
				4F30492F2118982700BA3961 /* Release */,
			);
			defaultConfigurationIsVisible = 0;
			defaultConfigurationName = Release;
		};
		4F3049492118983D00BA3961 /* Build configuration list for PBXNativeTarget "SafariExtension" */ = {
			isa = XCConfigurationList;
			buildConfigurations = (
				4F30494A2118983D00BA3961 /* Debug */,
				4F30494B2118983D00BA3961 /* Release */,
			);
			defaultConfigurationIsVisible = 0;
			defaultConfigurationName = Release;
		};
		4F30495D2118985C00BA3961 /* Build configuration list for PBXNativeTarget "ContentBlocker" */ = {
			isa = XCConfigurationList;
			buildConfigurations = (
				4F30495E2118985C00BA3961 /* Debug */,
				4F30495F2118985C00BA3961 /* Release */,
			);
			defaultConfigurationIsVisible = 0;
			defaultConfigurationName = Release;
		};
/* End XCConfigurationList section */
	};
	rootObject = 4F3049152118982600BA3961 /* Project object */;
}
