// !$*UTF8*$!
{
	archiveVersion = 1;
	classes = {
	};
	objectVersion = 51;
	objects = {

/* Begin PBXBuildFile section */
		0D02795023624099007D5F66 /* ghostery_icon.pdf in Resources */ = {isa = PBXBuildFile; fileRef = 0D02794F23624099007D5F66 /* ghostery_icon.pdf */; };
		0D027967236373E5007D5F66 /* HelpViewController.swift in Sources */ = {isa = PBXBuildFile; fileRef = 0D027966236373E5007D5F66 /* HelpViewController.swift */; };
		0D027969236374A2007D5F66 /* MainViewController.swift in Sources */ = {isa = PBXBuildFile; fileRef = 0D027968236374A2007D5F66 /* MainViewController.swift */; };
		0D02796B2363826C007D5F66 /* NSApplicationExtension.swift in Sources */ = {isa = PBXBuildFile; fileRef = 0D02796A2363826C007D5F66 /* NSApplicationExtension.swift */; };
		0D02796D23638895007D5F66 /* MenuItemCollectionViewItem.swift in Sources */ = {isa = PBXBuildFile; fileRef = 0D02796C23638895007D5F66 /* MenuItemCollectionViewItem.swift */; };
		0D02796F23638C19007D5F66 /* MenuViewController.swift in Sources */ = {isa = PBXBuildFile; fileRef = 0D02796E23638C19007D5F66 /* MenuViewController.swift */; };
		0D027978236538A9007D5F66 /* Localizable.strings in Resources */ = {isa = PBXBuildFile; fileRef = 0D027976236538A8007D5F66 /* Localizable.strings */; };
		0D182934238E27AA00E5EE42 /* GhosteryLite.xcdatamodeld in Sources */ = {isa = PBXBuildFile; fileRef = 0D182932238E27AA00E5EE42 /* GhosteryLite.xcdatamodeld */; };
		0D182935238E27AA00E5EE42 /* GhosteryLite.xcdatamodeld in Sources */ = {isa = PBXBuildFile; fileRef = 0D182932238E27AA00E5EE42 /* GhosteryLite.xcdatamodeld */; };
		0D182936238F7CC900E5EE42 /* GhosteryApplication.swift in Sources */ = {isa = PBXBuildFile; fileRef = 4F3049B3211C6D3200BA3961 /* GhosteryApplication.swift */; };
		0D182937238F812700E5EE42 /* AppDelegate.swift in Sources */ = {isa = PBXBuildFile; fileRef = 4F3049202118982600BA3961 /* AppDelegate.swift */; };
		0D1829392390213300E5EE42 /* Utils.swift in Sources */ = {isa = PBXBuildFile; fileRef = 0D1829382390213300E5EE42 /* Utils.swift */; };
		0D18293A2390213300E5EE42 /* Utils.swift in Sources */ = {isa = PBXBuildFile; fileRef = 0D1829382390213300E5EE42 /* Utils.swift */; };
		0D18293B2390213300E5EE42 /* Utils.swift in Sources */ = {isa = PBXBuildFile; fileRef = 0D1829382390213300E5EE42 /* Utils.swift */; };
		0D3FBAFA235F6EAA0054822A /* SafariExtension.appex in Embed App Extensions */ = {isa = PBXBuildFile; fileRef = 0D588D9C235E3FBB0003668C /* SafariExtension.appex */; settings = {ATTRIBUTES = (RemoveHeadersOnCopy, ); }; };
		0D3FBAFD235F6EB10054822A /* ContentBlocker.appex in Embed App Extensions */ = {isa = PBXBuildFile; fileRef = 0D588D9D235E3FBB0003668C /* ContentBlocker.appex */; settings = {ATTRIBUTES = (RemoveHeadersOnCopy, ); }; };
		0D3FBB02235F701F0054822A /* Cocoa.framework in Frameworks */ = {isa = PBXBuildFile; fileRef = 0D3FBB00235F70030054822A /* Cocoa.framework */; };
		0D3FBB04235F74940054822A /* Cocoa.framework in Frameworks */ = {isa = PBXBuildFile; fileRef = 0D3FBB00235F70030054822A /* Cocoa.framework */; };
		0D3FBB2C2360B4FE0054822A /* SafariExtensionViewController.xib in Resources */ = {isa = PBXBuildFile; fileRef = 0D3FBB2E2360B4FE0054822A /* SafariExtensionViewController.xib */; };
		0D3FBB312360B5320054822A /* Main.storyboard in Resources */ = {isa = PBXBuildFile; fileRef = 0D3FBB332360B5320054822A /* Main.storyboard */; };
		0D5230B22371CB51007A7508 /* HTTPService.swift in Sources */ = {isa = PBXBuildFile; fileRef = 0D5230B12371CB51007A7508 /* HTTPService.swift */; };
		0D5230B42371CCD8007A7508 /* Categories.swift in Sources */ = {isa = PBXBuildFile; fileRef = 0D5230B32371CCD8007A7508 /* Categories.swift */; };
		0D5230B52371D129007A7508 /* Categories.swift in Sources */ = {isa = PBXBuildFile; fileRef = 0D5230B32371CCD8007A7508 /* Categories.swift */; };
		0D5230B62371D136007A7508 /* HTTPService.swift in Sources */ = {isa = PBXBuildFile; fileRef = 0D5230B12371CB51007A7508 /* HTTPService.swift */; };
		0D588E82235E46870003668C /* PageLatency.swift in Sources */ = {isa = PBXBuildFile; fileRef = 0D588E81235E46870003668C /* PageLatency.swift */; };
		0D588E84235E4C2F0003668C /* Fonts in Resources */ = {isa = PBXBuildFile; fileRef = 0D588E83235E4C2F0003668C /* Fonts */; };
		0D588E85235E4C2F0003668C /* Fonts in Resources */ = {isa = PBXBuildFile; fileRef = 0D588E83235E4C2F0003668C /* Fonts */; };
		0D99D75C212EFC44005D107D /* page_performance.js in Resources */ = {isa = PBXBuildFile; fileRef = 0D99D75B212EFC44005D107D /* page_performance.js */; };
		0DBA653D238315FB0011AAD3 /* DetailViewControllerDelegate.swift in Sources */ = {isa = PBXBuildFile; fileRef = 0DBA653C238315FB0011AAD3 /* DetailViewControllerDelegate.swift */; };
		0DBA653F238316BA0011AAD3 /* MainViewControllerExtension.swift in Sources */ = {isa = PBXBuildFile; fileRef = 0DBA653E238316BA0011AAD3 /* MainViewControllerExtension.swift */; };
		0DBA6541238317BF0011AAD3 /* MenuViewControllerDelegate.swift in Sources */ = {isa = PBXBuildFile; fileRef = 0DBA6540238317BF0011AAD3 /* MenuViewControllerDelegate.swift */; };
		0DBA6543238317E70011AAD3 /* MenuViewControllerExtension.swift in Sources */ = {isa = PBXBuildFile; fileRef = 0DBA6542238317E70011AAD3 /* MenuViewControllerExtension.swift */; };
		0DBA65452383184D0011AAD3 /* ModalViewControllerDelegate.swift in Sources */ = {isa = PBXBuildFile; fileRef = 0DBA65442383184D0011AAD3 /* ModalViewControllerDelegate.swift */; };
		0DBA6547238318A50011AAD3 /* TrustedSiteItemDelegate.swift in Sources */ = {isa = PBXBuildFile; fileRef = 0DBA6546238318A50011AAD3 /* TrustedSiteItemDelegate.swift */; };
		0DBA6549238319530011AAD3 /* TrustedSitesViewControllerExtension.swift in Sources */ = {isa = PBXBuildFile; fileRef = 0DBA6548238319530011AAD3 /* TrustedSitesViewControllerExtension.swift */; };
		0DBA654B238327D20011AAD3 /* URLSessionExtension.swift in Sources */ = {isa = PBXBuildFile; fileRef = 0DBA654A238327D20011AAD3 /* URLSessionExtension.swift */; };
		0DBA654C238327D20011AAD3 /* URLSessionExtension.swift in Sources */ = {isa = PBXBuildFile; fileRef = 0DBA654A238327D20011AAD3 /* URLSessionExtension.swift */; };
		0DD3BF7C236CCD2A00889C41 /* InfoPlist.strings in Resources */ = {isa = PBXBuildFile; fileRef = 0DD3BF7E236CCD2A00889C41 /* InfoPlist.strings */; };
		0DD3BF81236CD09300889C41 /* InfoPlist.strings in Resources */ = {isa = PBXBuildFile; fileRef = 0DD3BF83236CD09300889C41 /* InfoPlist.strings */; };
		0DD3BF86236CD20F00889C41 /* InfoPlist.strings in Resources */ = {isa = PBXBuildFile; fileRef = 0DD3BF88236CD20F00889C41 /* InfoPlist.strings */; };
		0DDCFF7923660DBD009481D4 /* Localizable.strings in Resources */ = {isa = PBXBuildFile; fileRef = 0DDCFF7B23660DBD009481D4 /* Localizable.strings */; };
		0DDCFF7E2366666D009481D4 /* Preferences.swift in Sources */ = {isa = PBXBuildFile; fileRef = 1E597C4721354DE60098631F /* Preferences.swift */; };
		0DDCFF7F236666B7009481D4 /* BlockLists.swift in Sources */ = {isa = PBXBuildFile; fileRef = 4F3049AE211B36E800BA3961 /* BlockLists.swift */; };
		0DDCFF812366670D009481D4 /* WhiteList.swift in Sources */ = {isa = PBXBuildFile; fileRef = 4F90DD80214BD74F00E8BA6D /* WhiteList.swift */; };
		0DDCFF8323666792009481D4 /* FileManagerExtension.swift in Sources */ = {isa = PBXBuildFile; fileRef = 4FFD8313212B36BC0038149F /* FileManagerExtension.swift */; };
		0DDF278A238B2CB600C17AC8 /* TrustedSite.swift in Sources */ = {isa = PBXBuildFile; fileRef = 0DDF2789238B2CB600C17AC8 /* TrustedSite.swift */; };
		0DDF278B238B2CB600C17AC8 /* TrustedSite.swift in Sources */ = {isa = PBXBuildFile; fileRef = 0DDF2789238B2CB600C17AC8 /* TrustedSite.swift */; };
		0DDF278D238B2EB900C17AC8 /* BlockingConfiguration.swift in Sources */ = {isa = PBXBuildFile; fileRef = 0DDF278C238B2EB900C17AC8 /* BlockingConfiguration.swift */; };
		0DDF278E238B2EB900C17AC8 /* BlockingConfiguration.swift in Sources */ = {isa = PBXBuildFile; fileRef = 0DDF278C238B2EB900C17AC8 /* BlockingConfiguration.swift */; };
		1E14B73D21369F5400E28C38 /* StringExtension.swift in Sources */ = {isa = PBXBuildFile; fileRef = 1E14B73C21369F5400E28C38 /* StringExtension.swift */; };
		1E14B754213819A800E28C38 /* TrustedSitesViewController.swift in Sources */ = {isa = PBXBuildFile; fileRef = 1E14B752213819A800E28C38 /* TrustedSitesViewController.swift */; };
		1E14B7582138217800E28C38 /* TrustedSiteItemCollectionViewItem.swift in Sources */ = {isa = PBXBuildFile; fileRef = 1E14B7562138217800E28C38 /* TrustedSiteItemCollectionViewItem.swift */; };
		1E14B7592138217800E28C38 /* TrustedSiteItemCollectionViewItem.xib in Resources */ = {isa = PBXBuildFile; fileRef = 1E14B7572138217800E28C38 /* TrustedSiteItemCollectionViewItem.xib */; };
		1E597C2D2133F8170098631F /* DetailViewController.swift in Sources */ = {isa = PBXBuildFile; fileRef = 1E597C2C2133F8170098631F /* DetailViewController.swift */; };
		1E597C3721340D180098631F /* MenuItemCollectionViewItem.xib in Resources */ = {isa = PBXBuildFile; fileRef = 1E597C3521340D180098631F /* MenuItemCollectionViewItem.xib */; };
		1E597C422134407F0098631F /* HomeViewController.swift in Sources */ = {isa = PBXBuildFile; fileRef = 1E597C412134407F0098631F /* HomeViewController.swift */; };
		1E597C4421344ACC0098631F /* MenuItem.swift in Sources */ = {isa = PBXBuildFile; fileRef = 1E597C4321344ACC0098631F /* MenuItem.swift */; };
		1E597C4621354D830098631F /* NSColorExtension.swift in Sources */ = {isa = PBXBuildFile; fileRef = 1E597C4521354D820098631F /* NSColorExtension.swift */; };
		1E597C4821354DE60098631F /* Preferences.swift in Sources */ = {isa = PBXBuildFile; fileRef = 1E597C4721354DE60098631F /* Preferences.swift */; };
		1E597C4A2135682B0098631F /* ModalViewController.swift in Sources */ = {isa = PBXBuildFile; fileRef = 1E597C492135682B0098631F /* ModalViewController.swift */; };
		4F3049212118982600BA3961 /* AppDelegate.swift in Sources */ = {isa = PBXBuildFile; fileRef = 4F3049202118982600BA3961 /* AppDelegate.swift */; };
		4F3049252118982700BA3961 /* Assets.xcassets in Resources */ = {isa = PBXBuildFile; fileRef = 4F3049242118982700BA3961 /* Assets.xcassets */; };
		4F30493A2118983D00BA3961 /* SafariExtensionHandler.swift in Sources */ = {isa = PBXBuildFile; fileRef = 4F3049392118983D00BA3961 /* SafariExtensionHandler.swift */; };
		4F30493C2118983D00BA3961 /* SafariExtensionViewController.swift in Sources */ = {isa = PBXBuildFile; fileRef = 4F30493B2118983D00BA3961 /* SafariExtensionViewController.swift */; };
		4F3049572118985C00BA3961 /* ContentBlockerRequestHandler.swift in Sources */ = {isa = PBXBuildFile; fileRef = 4F3049562118985C00BA3961 /* ContentBlockerRequestHandler.swift */; };
		4F3049A42119F4FC00BA3961 /* ArrayExtension.swift in Sources */ = {isa = PBXBuildFile; fileRef = 4F3049A12119F4FC00BA3961 /* ArrayExtension.swift */; };
		4F3049A52119F4FC00BA3961 /* DictionaryExtension.swift in Sources */ = {isa = PBXBuildFile; fileRef = 4F3049A22119F4FC00BA3961 /* DictionaryExtension.swift */; };
		4F3049A62119F4FC00BA3961 /* URLExtension.swift in Sources */ = {isa = PBXBuildFile; fileRef = 4F3049A32119F4FC00BA3961 /* URLExtension.swift */; };
		4F3049AF211B36E800BA3961 /* BlockLists.swift in Sources */ = {isa = PBXBuildFile; fileRef = 4F3049AE211B36E800BA3961 /* BlockLists.swift */; };
		4F3049B4211C6D3200BA3961 /* GhosteryApplication.swift in Sources */ = {isa = PBXBuildFile; fileRef = 4F3049B3211C6D3200BA3961 /* GhosteryApplication.swift */; };
		4F51EDC82191A0C60032DCDF /* TrustButtonCell.swift in Sources */ = {isa = PBXBuildFile; fileRef = 4F51EDC72191A0C60032DCDF /* TrustButtonCell.swift */; };
		4F83ABB421393CF500BC76E4 /* SettingsViewController.swift in Sources */ = {isa = PBXBuildFile; fileRef = 4F83ABB321393CF400BC76E4 /* SettingsViewController.swift */; };
		4F90DD81214BD75000E8BA6D /* WhiteList.swift in Sources */ = {isa = PBXBuildFile; fileRef = 4F90DD80214BD74F00E8BA6D /* WhiteList.swift */; };
		4F931A1D2125D3DE00AF4226 /* URLExtension.swift in Sources */ = {isa = PBXBuildFile; fileRef = 4F3049A32119F4FC00BA3961 /* URLExtension.swift */; };
		4F931A252126C8C900AF4226 /* Constants.swift in Sources */ = {isa = PBXBuildFile; fileRef = 4F931A242126C8C900AF4226 /* Constants.swift */; };
		4F931A262126C95A00AF4226 /* Constants.swift in Sources */ = {isa = PBXBuildFile; fileRef = 4F931A242126C8C900AF4226 /* Constants.swift */; };
		4F931A272126C95B00AF4226 /* Constants.swift in Sources */ = {isa = PBXBuildFile; fileRef = 4F931A242126C8C900AF4226 /* Constants.swift */; };
		4F9CF8E1215BCD6A005B1C1B /* TelemetryService.swift in Sources */ = {isa = PBXBuildFile; fileRef = 4F9CF8E0215BCD6A005B1C1B /* TelemetryService.swift */; };
		4F9CF8E3215BCD97005B1C1B /* Telemetry.swift in Sources */ = {isa = PBXBuildFile; fileRef = 4F9CF8E2215BCD97005B1C1B /* Telemetry.swift */; };
		4F9CF8E7215E57B6005B1C1B /* Telemetry.swift in Sources */ = {isa = PBXBuildFile; fileRef = 4F9CF8E2215BCD97005B1C1B /* Telemetry.swift */; };
		4F9CF8E8215E57B9005B1C1B /* TelemetryService.swift in Sources */ = {isa = PBXBuildFile; fileRef = 4F9CF8E0215BCD6A005B1C1B /* TelemetryService.swift */; };
		4FB1E6D7213EBF5300136D2A /* StringExtension.swift in Sources */ = {isa = PBXBuildFile; fileRef = 1E14B73C21369F5400E28C38 /* StringExtension.swift */; };
		4FB1E6D8213EC6DC00136D2A /* NSColorExtension.swift in Sources */ = {isa = PBXBuildFile; fileRef = 1E597C4521354D820098631F /* NSColorExtension.swift */; };
		4FCEAA23212E0CCE00AACE42 /* Images.xcassets in Resources */ = {isa = PBXBuildFile; fileRef = 4FCEAA22212E0CCE00AACE42 /* Images.xcassets */; };
		4FFD8314212B36BC0038149F /* FileManagerExtension.swift in Sources */ = {isa = PBXBuildFile; fileRef = 4FFD8313212B36BC0038149F /* FileManagerExtension.swift */; };
		4FFD8338212B4FF90038149F /* BlockListAssets in Resources */ = {isa = PBXBuildFile; fileRef = 4FFD8337212B4FF90038149F /* BlockListAssets */; };
		4FFD8351212C6C740038149F /* WindowController.swift in Sources */ = {isa = PBXBuildFile; fileRef = 4FFD8350212C6C740038149F /* WindowController.swift */; };
/* End PBXBuildFile section */

/* Begin PBXContainerItemProxy section */
		0D3FBAFB235F6EAA0054822A /* PBXContainerItemProxy */ = {
			isa = PBXContainerItemProxy;
			containerPortal = 4F3049152118982600BA3961 /* Project object */;
			proxyType = 1;
			remoteGlobalIDString = 4F3049332118983D00BA3961;
			remoteInfo = SafariExtension;
		};
		0D3FBAFE235F6EB10054822A /* PBXContainerItemProxy */ = {
			isa = PBXContainerItemProxy;
			containerPortal = 4F3049152118982600BA3961 /* Project object */;
			proxyType = 1;
			remoteGlobalIDString = 4F3049502118985C00BA3961;
			remoteInfo = ContentBlocker;
		};
/* End PBXContainerItemProxy section */

/* Begin PBXCopyFilesBuildPhase section */
		4F30494C2118983D00BA3961 /* Embed App Extensions */ = {
			isa = PBXCopyFilesBuildPhase;
			buildActionMask = 2147483647;
			dstPath = "";
			dstSubfolderSpec = 13;
			files = (
				0D3FBAFA235F6EAA0054822A /* SafariExtension.appex in Embed App Extensions */,
				0D3FBAFD235F6EB10054822A /* ContentBlocker.appex in Embed App Extensions */,
			);
			name = "Embed App Extensions";
			runOnlyForDeploymentPostprocessing = 0;
		};
/* End PBXCopyFilesBuildPhase section */

/* Begin PBXFileReference section */
		0D02794F23624099007D5F66 /* ghostery_icon.pdf */ = {isa = PBXFileReference; lastKnownFileType = image.pdf; path = ghostery_icon.pdf; sourceTree = "<group>"; };
		0D027966236373E5007D5F66 /* HelpViewController.swift */ = {isa = PBXFileReference; fileEncoding = 4; lastKnownFileType = sourcecode.swift; path = HelpViewController.swift; sourceTree = "<group>"; };
		0D027968236374A2007D5F66 /* MainViewController.swift */ = {isa = PBXFileReference; fileEncoding = 4; lastKnownFileType = sourcecode.swift; path = MainViewController.swift; sourceTree = "<group>"; };
		0D02796A2363826C007D5F66 /* NSApplicationExtension.swift */ = {isa = PBXFileReference; lastKnownFileType = sourcecode.swift; path = NSApplicationExtension.swift; sourceTree = "<group>"; };
		0D02796C23638895007D5F66 /* MenuItemCollectionViewItem.swift */ = {isa = PBXFileReference; fileEncoding = 4; lastKnownFileType = sourcecode.swift; path = MenuItemCollectionViewItem.swift; sourceTree = "<group>"; };
		0D02796E23638C19007D5F66 /* MenuViewController.swift */ = {isa = PBXFileReference; fileEncoding = 4; lastKnownFileType = sourcecode.swift; path = MenuViewController.swift; sourceTree = "<group>"; };
		0D0279742365184E007D5F66 /* Makefile */ = {isa = PBXFileReference; fileEncoding = 4; lastKnownFileType = sourcecode.make; path = Makefile; sourceTree = "<group>"; };
		0D027977236538A8007D5F66 /* en */ = {isa = PBXFileReference; lastKnownFileType = text.plist.strings; name = en; path = en.lproj/Localizable.strings; sourceTree = "<group>"; };
		0D02797A2365409A007D5F66 /* en */ = {isa = PBXFileReference; lastKnownFileType = text.plist.strings; name = en; path = en.lproj/SafariExtensionViewController.strings; sourceTree = "<group>"; };
		0D182933238E27AA00E5EE42 /* GhosteryLite.xcdatamodel */ = {isa = PBXFileReference; lastKnownFileType = wrapper.xcdatamodel; path = GhosteryLite.xcdatamodel; sourceTree = "<group>"; };
		0D1829382390213300E5EE42 /* Utils.swift */ = {isa = PBXFileReference; lastKnownFileType = sourcecode.swift; path = Utils.swift; sourceTree = "<group>"; };
		0D2AA0BD2243DA0C0055B6B8 /* LICENSE */ = {isa = PBXFileReference; fileEncoding = 4; lastKnownFileType = text; path = LICENSE; sourceTree = "<group>"; };
		0D2D0CCC2369E20F00C3ED87 /* en */ = {isa = PBXFileReference; lastKnownFileType = text.plist.strings; name = en; path = en.lproj/Main.strings; sourceTree = "<group>"; };
		0D3FBB00235F70030054822A /* Cocoa.framework */ = {isa = PBXFileReference; lastKnownFileType = wrapper.framework; name = Cocoa.framework; path = System/Library/Frameworks/Cocoa.framework; sourceTree = SDKROOT; };
		0D3FBB05235F99450054822A /* .gitignore */ = {isa = PBXFileReference; lastKnownFileType = text; path = .gitignore; sourceTree = "<group>"; };
		0D3FBB2D2360B4FE0054822A /* Base */ = {isa = PBXFileReference; lastKnownFileType = file.xib; name = Base; path = Base.lproj/SafariExtensionViewController.xib; sourceTree = "<group>"; };
		0D3FBB322360B5320054822A /* Base */ = {isa = PBXFileReference; lastKnownFileType = file.storyboard; name = Base; path = Base.lproj/Main.storyboard; sourceTree = "<group>"; };
		0D5230B12371CB51007A7508 /* HTTPService.swift */ = {isa = PBXFileReference; lastKnownFileType = sourcecode.swift; path = HTTPService.swift; sourceTree = "<group>"; };
		0D5230B32371CCD8007A7508 /* Categories.swift */ = {isa = PBXFileReference; lastKnownFileType = sourcecode.swift; path = Categories.swift; sourceTree = "<group>"; };
		0D588D9B235E3FBB0003668C /* GhosteryLite.app */ = {isa = PBXFileReference; explicitFileType = wrapper.application; includeInIndex = 0; path = GhosteryLite.app; sourceTree = BUILT_PRODUCTS_DIR; };
		0D588D9C235E3FBB0003668C /* SafariExtension.appex */ = {isa = PBXFileReference; explicitFileType = "wrapper.app-extension"; includeInIndex = 0; path = SafariExtension.appex; sourceTree = BUILT_PRODUCTS_DIR; };
		0D588D9D235E3FBB0003668C /* ContentBlocker.appex */ = {isa = PBXFileReference; explicitFileType = "wrapper.app-extension"; includeInIndex = 0; path = ContentBlocker.appex; sourceTree = BUILT_PRODUCTS_DIR; };
		0D588E81235E46870003668C /* PageLatency.swift */ = {isa = PBXFileReference; fileEncoding = 4; lastKnownFileType = sourcecode.swift; path = PageLatency.swift; sourceTree = "<group>"; };
		0D588E83235E4C2F0003668C /* Fonts */ = {isa = PBXFileReference; lastKnownFileType = folder; path = Fonts; sourceTree = "<group>"; };
		0D588E88235E50B20003668C /* CHANGELOG.md */ = {isa = PBXFileReference; lastKnownFileType = net.daringfireball.markdown; path = CHANGELOG.md; sourceTree = "<group>"; };
		0D99D75B212EFC44005D107D /* page_performance.js */ = {isa = PBXFileReference; fileEncoding = 4; lastKnownFileType = sourcecode.javascript; path = page_performance.js; sourceTree = "<group>"; };
		0DBA653C238315FB0011AAD3 /* DetailViewControllerDelegate.swift */ = {isa = PBXFileReference; lastKnownFileType = sourcecode.swift; path = DetailViewControllerDelegate.swift; sourceTree = "<group>"; };
		0DBA653E238316BA0011AAD3 /* MainViewControllerExtension.swift */ = {isa = PBXFileReference; lastKnownFileType = sourcecode.swift; path = MainViewControllerExtension.swift; sourceTree = "<group>"; };
		0DBA6540238317BF0011AAD3 /* MenuViewControllerDelegate.swift */ = {isa = PBXFileReference; lastKnownFileType = sourcecode.swift; path = MenuViewControllerDelegate.swift; sourceTree = "<group>"; };
		0DBA6542238317E70011AAD3 /* MenuViewControllerExtension.swift */ = {isa = PBXFileReference; lastKnownFileType = sourcecode.swift; path = MenuViewControllerExtension.swift; sourceTree = "<group>"; };
		0DBA65442383184D0011AAD3 /* ModalViewControllerDelegate.swift */ = {isa = PBXFileReference; lastKnownFileType = sourcecode.swift; path = ModalViewControllerDelegate.swift; sourceTree = "<group>"; };
		0DBA6546238318A50011AAD3 /* TrustedSiteItemDelegate.swift */ = {isa = PBXFileReference; lastKnownFileType = sourcecode.swift; path = TrustedSiteItemDelegate.swift; sourceTree = "<group>"; };
		0DBA6548238319530011AAD3 /* TrustedSitesViewControllerExtension.swift */ = {isa = PBXFileReference; lastKnownFileType = sourcecode.swift; path = TrustedSitesViewControllerExtension.swift; sourceTree = "<group>"; };
		0DBA654A238327D20011AAD3 /* URLSessionExtension.swift */ = {isa = PBXFileReference; lastKnownFileType = sourcecode.swift; path = URLSessionExtension.swift; sourceTree = "<group>"; };
		0DCADD5F235E5EE300F00AB4 /* README.md */ = {isa = PBXFileReference; lastKnownFileType = net.daringfireball.markdown; path = README.md; sourceTree = "<group>"; };
		0DD3BF7D236CCD2A00889C41 /* en */ = {isa = PBXFileReference; lastKnownFileType = text.plist.strings; name = en; path = en.lproj/InfoPlist.strings; sourceTree = "<group>"; };
		0DD3BF82236CD09300889C41 /* en */ = {isa = PBXFileReference; lastKnownFileType = text.plist.strings; name = en; path = en.lproj/InfoPlist.strings; sourceTree = "<group>"; };
		0DD3BF87236CD20F00889C41 /* en */ = {isa = PBXFileReference; lastKnownFileType = text.plist.strings; name = en; path = en.lproj/InfoPlist.strings; sourceTree = "<group>"; };
		0DD3BF8B236CD80600889C41 /* config */ = {isa = PBXFileReference; fileEncoding = 4; lastKnownFileType = text; path = config; sourceTree = "<group>"; };
		0DD3BF8D236CDBCD00889C41 /* de */ = {isa = PBXFileReference; lastKnownFileType = text.plist.strings; name = de; path = de.lproj/Main.strings; sourceTree = "<group>"; };
		0DD3BF8E236CDBCD00889C41 /* de */ = {isa = PBXFileReference; lastKnownFileType = text.plist.strings; name = de; path = de.lproj/SafariExtensionViewController.strings; sourceTree = "<group>"; };
		0DD3BF90236CDBCD00889C41 /* de */ = {isa = PBXFileReference; lastKnownFileType = text.plist.strings; name = de; path = de.lproj/Localizable.strings; sourceTree = "<group>"; };
		0DD3BF91236CDBCE00889C41 /* de */ = {isa = PBXFileReference; lastKnownFileType = text.plist.strings; name = de; path = de.lproj/InfoPlist.strings; sourceTree = "<group>"; };
		0DD3BF92236CDBCE00889C41 /* de */ = {isa = PBXFileReference; lastKnownFileType = text.plist.strings; name = de; path = de.lproj/Localizable.strings; sourceTree = "<group>"; };
		0DD3BF94236CFFF200889C41 /* fr */ = {isa = PBXFileReference; lastKnownFileType = text.plist.strings; name = fr; path = fr.lproj/Main.strings; sourceTree = "<group>"; };
		0DD3BF95236CFFF200889C41 /* fr */ = {isa = PBXFileReference; lastKnownFileType = text.plist.strings; name = fr; path = fr.lproj/SafariExtensionViewController.strings; sourceTree = "<group>"; };
		0DD3BF97236CFFF300889C41 /* fr */ = {isa = PBXFileReference; lastKnownFileType = text.plist.strings; name = fr; path = fr.lproj/Localizable.strings; sourceTree = "<group>"; };
		0DD3BF98236CFFF300889C41 /* fr */ = {isa = PBXFileReference; lastKnownFileType = text.plist.strings; name = fr; path = fr.lproj/InfoPlist.strings; sourceTree = "<group>"; };
		0DD3BF99236CFFF300889C41 /* fr */ = {isa = PBXFileReference; lastKnownFileType = text.plist.strings; name = fr; path = fr.lproj/Localizable.strings; sourceTree = "<group>"; };
		0DD3BF9B236CFFF900889C41 /* es */ = {isa = PBXFileReference; lastKnownFileType = text.plist.strings; name = es; path = es.lproj/Main.strings; sourceTree = "<group>"; };
		0DD3BF9C236CFFF900889C41 /* es */ = {isa = PBXFileReference; lastKnownFileType = text.plist.strings; name = es; path = es.lproj/SafariExtensionViewController.strings; sourceTree = "<group>"; };
		0DD3BF9E236CFFFA00889C41 /* es */ = {isa = PBXFileReference; lastKnownFileType = text.plist.strings; name = es; path = es.lproj/Localizable.strings; sourceTree = "<group>"; };
		0DD3BF9F236CFFFA00889C41 /* es */ = {isa = PBXFileReference; lastKnownFileType = text.plist.strings; name = es; path = es.lproj/InfoPlist.strings; sourceTree = "<group>"; };
		0DD3BFA0236CFFFA00889C41 /* es */ = {isa = PBXFileReference; lastKnownFileType = text.plist.strings; name = es; path = es.lproj/Localizable.strings; sourceTree = "<group>"; };
		0DD3BFA2236D004900889C41 /* zh-Hant-TW */ = {isa = PBXFileReference; lastKnownFileType = text.plist.strings; name = "zh-Hant-TW"; path = "zh-Hant-TW.lproj/Main.strings"; sourceTree = "<group>"; };
		0DD3BFA3236D004900889C41 /* zh-Hant-TW */ = {isa = PBXFileReference; lastKnownFileType = text.plist.strings; name = "zh-Hant-TW"; path = "zh-Hant-TW.lproj/SafariExtensionViewController.strings"; sourceTree = "<group>"; };
		0DD3BFA5236D004A00889C41 /* zh-Hant-TW */ = {isa = PBXFileReference; lastKnownFileType = text.plist.strings; name = "zh-Hant-TW"; path = "zh-Hant-TW.lproj/Localizable.strings"; sourceTree = "<group>"; };
		0DD3BFA6236D004A00889C41 /* zh-Hant-TW */ = {isa = PBXFileReference; lastKnownFileType = text.plist.strings; name = "zh-Hant-TW"; path = "zh-Hant-TW.lproj/InfoPlist.strings"; sourceTree = "<group>"; };
		0DD3BFA7236D004A00889C41 /* zh-Hant-TW */ = {isa = PBXFileReference; lastKnownFileType = text.plist.strings; name = "zh-Hant-TW"; path = "zh-Hant-TW.lproj/Localizable.strings"; sourceTree = "<group>"; };
		0DD3BFB0236D006700889C41 /* nl */ = {isa = PBXFileReference; lastKnownFileType = text.plist.strings; name = nl; path = nl.lproj/Main.strings; sourceTree = "<group>"; };
		0DD3BFB1236D006700889C41 /* nl */ = {isa = PBXFileReference; lastKnownFileType = text.plist.strings; name = nl; path = nl.lproj/SafariExtensionViewController.strings; sourceTree = "<group>"; };
		0DD3BFB3236D006700889C41 /* nl */ = {isa = PBXFileReference; lastKnownFileType = text.plist.strings; name = nl; path = nl.lproj/Localizable.strings; sourceTree = "<group>"; };
		0DD3BFB4236D006700889C41 /* nl */ = {isa = PBXFileReference; lastKnownFileType = text.plist.strings; name = nl; path = nl.lproj/InfoPlist.strings; sourceTree = "<group>"; };
		0DD3BFB5236D006800889C41 /* nl */ = {isa = PBXFileReference; lastKnownFileType = text.plist.strings; name = nl; path = nl.lproj/Localizable.strings; sourceTree = "<group>"; };
		0DD3BFB7236D007400889C41 /* hu */ = {isa = PBXFileReference; lastKnownFileType = text.plist.strings; name = hu; path = hu.lproj/Main.strings; sourceTree = "<group>"; };
		0DD3BFB8236D007400889C41 /* hu */ = {isa = PBXFileReference; lastKnownFileType = text.plist.strings; name = hu; path = hu.lproj/SafariExtensionViewController.strings; sourceTree = "<group>"; };
		0DD3BFBA236D007400889C41 /* hu */ = {isa = PBXFileReference; lastKnownFileType = text.plist.strings; name = hu; path = hu.lproj/Localizable.strings; sourceTree = "<group>"; };
		0DD3BFBB236D007400889C41 /* hu */ = {isa = PBXFileReference; lastKnownFileType = text.plist.strings; name = hu; path = hu.lproj/InfoPlist.strings; sourceTree = "<group>"; };
		0DD3BFBC236D007400889C41 /* hu */ = {isa = PBXFileReference; lastKnownFileType = text.plist.strings; name = hu; path = hu.lproj/Localizable.strings; sourceTree = "<group>"; };
		0DD3BFBE236D007E00889C41 /* it */ = {isa = PBXFileReference; lastKnownFileType = text.plist.strings; name = it; path = it.lproj/Main.strings; sourceTree = "<group>"; };
		0DD3BFBF236D007E00889C41 /* it */ = {isa = PBXFileReference; lastKnownFileType = text.plist.strings; name = it; path = it.lproj/SafariExtensionViewController.strings; sourceTree = "<group>"; };
		0DD3BFC1236D007E00889C41 /* it */ = {isa = PBXFileReference; lastKnownFileType = text.plist.strings; name = it; path = it.lproj/Localizable.strings; sourceTree = "<group>"; };
		0DD3BFC2236D007E00889C41 /* it */ = {isa = PBXFileReference; lastKnownFileType = text.plist.strings; name = it; path = it.lproj/InfoPlist.strings; sourceTree = "<group>"; };
		0DD3BFC3236D007F00889C41 /* it */ = {isa = PBXFileReference; lastKnownFileType = text.plist.strings; name = it; path = it.lproj/Localizable.strings; sourceTree = "<group>"; };
		0DD3BFC5236D008700889C41 /* ja */ = {isa = PBXFileReference; lastKnownFileType = text.plist.strings; name = ja; path = ja.lproj/Main.strings; sourceTree = "<group>"; };
		0DD3BFC6236D008700889C41 /* ja */ = {isa = PBXFileReference; lastKnownFileType = text.plist.strings; name = ja; path = ja.lproj/SafariExtensionViewController.strings; sourceTree = "<group>"; };
		0DD3BFC8236D008800889C41 /* ja */ = {isa = PBXFileReference; lastKnownFileType = text.plist.strings; name = ja; path = ja.lproj/Localizable.strings; sourceTree = "<group>"; };
		0DD3BFC9236D008800889C41 /* ja */ = {isa = PBXFileReference; lastKnownFileType = text.plist.strings; name = ja; path = ja.lproj/InfoPlist.strings; sourceTree = "<group>"; };
		0DD3BFCA236D008800889C41 /* ja */ = {isa = PBXFileReference; lastKnownFileType = text.plist.strings; name = ja; path = ja.lproj/Localizable.strings; sourceTree = "<group>"; };
		0DD3BFCC236D009200889C41 /* ko */ = {isa = PBXFileReference; lastKnownFileType = text.plist.strings; name = ko; path = ko.lproj/Main.strings; sourceTree = "<group>"; };
		0DD3BFCD236D009200889C41 /* ko */ = {isa = PBXFileReference; lastKnownFileType = text.plist.strings; name = ko; path = ko.lproj/SafariExtensionViewController.strings; sourceTree = "<group>"; };
		0DD3BFCF236D009200889C41 /* ko */ = {isa = PBXFileReference; lastKnownFileType = text.plist.strings; name = ko; path = ko.lproj/Localizable.strings; sourceTree = "<group>"; };
		0DD3BFD0236D009200889C41 /* ko */ = {isa = PBXFileReference; lastKnownFileType = text.plist.strings; name = ko; path = ko.lproj/InfoPlist.strings; sourceTree = "<group>"; };
		0DD3BFD1236D009200889C41 /* ko */ = {isa = PBXFileReference; lastKnownFileType = text.plist.strings; name = ko; path = ko.lproj/Localizable.strings; sourceTree = "<group>"; };
		0DD3BFD3236D009D00889C41 /* pl */ = {isa = PBXFileReference; lastKnownFileType = text.plist.strings; name = pl; path = pl.lproj/Main.strings; sourceTree = "<group>"; };
		0DD3BFD4236D009E00889C41 /* pl */ = {isa = PBXFileReference; lastKnownFileType = text.plist.strings; name = pl; path = pl.lproj/SafariExtensionViewController.strings; sourceTree = "<group>"; };
		0DD3BFD6236D009E00889C41 /* pl */ = {isa = PBXFileReference; lastKnownFileType = text.plist.strings; name = pl; path = pl.lproj/Localizable.strings; sourceTree = "<group>"; };
		0DD3BFD7236D009E00889C41 /* pl */ = {isa = PBXFileReference; lastKnownFileType = text.plist.strings; name = pl; path = pl.lproj/InfoPlist.strings; sourceTree = "<group>"; };
		0DD3BFD8236D009E00889C41 /* pl */ = {isa = PBXFileReference; lastKnownFileType = text.plist.strings; name = pl; path = pl.lproj/Localizable.strings; sourceTree = "<group>"; };
		0DD3BFDA236D00A700889C41 /* pt-BR */ = {isa = PBXFileReference; lastKnownFileType = text.plist.strings; name = "pt-BR"; path = "pt-BR.lproj/Main.strings"; sourceTree = "<group>"; };
		0DD3BFDB236D00A700889C41 /* pt-BR */ = {isa = PBXFileReference; lastKnownFileType = text.plist.strings; name = "pt-BR"; path = "pt-BR.lproj/SafariExtensionViewController.strings"; sourceTree = "<group>"; };
		0DD3BFDD236D00A800889C41 /* pt-BR */ = {isa = PBXFileReference; lastKnownFileType = text.plist.strings; name = "pt-BR"; path = "pt-BR.lproj/Localizable.strings"; sourceTree = "<group>"; };
		0DD3BFDE236D00A800889C41 /* pt-BR */ = {isa = PBXFileReference; lastKnownFileType = text.plist.strings; name = "pt-BR"; path = "pt-BR.lproj/InfoPlist.strings"; sourceTree = "<group>"; };
		0DD3BFDF236D00A800889C41 /* pt-BR */ = {isa = PBXFileReference; lastKnownFileType = text.plist.strings; name = "pt-BR"; path = "pt-BR.lproj/Localizable.strings"; sourceTree = "<group>"; };
		0DD3BFE1236D00B500889C41 /* ru */ = {isa = PBXFileReference; lastKnownFileType = text.plist.strings; name = ru; path = ru.lproj/Main.strings; sourceTree = "<group>"; };
		0DD3BFE2236D00B500889C41 /* ru */ = {isa = PBXFileReference; lastKnownFileType = text.plist.strings; name = ru; path = ru.lproj/SafariExtensionViewController.strings; sourceTree = "<group>"; };
		0DD3BFE4236D00B500889C41 /* ru */ = {isa = PBXFileReference; lastKnownFileType = text.plist.strings; name = ru; path = ru.lproj/Localizable.strings; sourceTree = "<group>"; };
		0DD3BFE5236D00B500889C41 /* ru */ = {isa = PBXFileReference; lastKnownFileType = text.plist.strings; name = ru; path = ru.lproj/InfoPlist.strings; sourceTree = "<group>"; };
		0DD3BFE6236D00B600889C41 /* ru */ = {isa = PBXFileReference; lastKnownFileType = text.plist.strings; name = ru; path = ru.lproj/Localizable.strings; sourceTree = "<group>"; };
		0DD3BFE8236D04EC00889C41 /* zh-Hans */ = {isa = PBXFileReference; lastKnownFileType = text.plist.strings; name = "zh-Hans"; path = "zh-Hans.lproj/Main.strings"; sourceTree = "<group>"; };
		0DD3BFE9236D04EC00889C41 /* zh-Hans */ = {isa = PBXFileReference; lastKnownFileType = text.plist.strings; name = "zh-Hans"; path = "zh-Hans.lproj/SafariExtensionViewController.strings"; sourceTree = "<group>"; };
		0DD3BFEB236D04EC00889C41 /* zh-Hans */ = {isa = PBXFileReference; lastKnownFileType = text.plist.strings; name = "zh-Hans"; path = "zh-Hans.lproj/Localizable.strings"; sourceTree = "<group>"; };
		0DD3BFEC236D04EC00889C41 /* zh-Hans */ = {isa = PBXFileReference; lastKnownFileType = text.plist.strings; name = "zh-Hans"; path = "zh-Hans.lproj/InfoPlist.strings"; sourceTree = "<group>"; };
		0DD3BFED236D04EC00889C41 /* zh-Hans */ = {isa = PBXFileReference; lastKnownFileType = text.plist.strings; name = "zh-Hans"; path = "zh-Hans.lproj/Localizable.strings"; sourceTree = "<group>"; };
		0DDCFF7A23660DBD009481D4 /* en */ = {isa = PBXFileReference; lastKnownFileType = text.plist.strings; name = en; path = en.lproj/Localizable.strings; sourceTree = "<group>"; };
		0DDF2789238B2CB600C17AC8 /* TrustedSite.swift */ = {isa = PBXFileReference; lastKnownFileType = sourcecode.swift; path = TrustedSite.swift; sourceTree = "<group>"; };
		0DDF278C238B2EB900C17AC8 /* BlockingConfiguration.swift */ = {isa = PBXFileReference; lastKnownFileType = sourcecode.swift; path = BlockingConfiguration.swift; sourceTree = "<group>"; };
		0DFD55262399F040000493FC /* de */ = {isa = PBXFileReference; lastKnownFileType = text.plist.strings; name = de; path = de.lproj/InfoPlist.strings; sourceTree = "<group>"; };
		0DFD55272399F091000493FC /* zh-Hans */ = {isa = PBXFileReference; lastKnownFileType = text.plist.strings; name = "zh-Hans"; path = "zh-Hans.lproj/InfoPlist.strings"; sourceTree = "<group>"; };
		0DFD55282399F097000493FC /* zh-Hant-TW */ = {isa = PBXFileReference; lastKnownFileType = text.plist.strings; name = "zh-Hant-TW"; path = "zh-Hant-TW.lproj/InfoPlist.strings"; sourceTree = "<group>"; };
		0DFD55292399F09D000493FC /* nl */ = {isa = PBXFileReference; lastKnownFileType = text.plist.strings; name = nl; path = nl.lproj/InfoPlist.strings; sourceTree = "<group>"; };
		0DFD552A2399F0A3000493FC /* fr */ = {isa = PBXFileReference; lastKnownFileType = text.plist.strings; name = fr; path = fr.lproj/InfoPlist.strings; sourceTree = "<group>"; };
		0DFD552B2399F0B0000493FC /* hu */ = {isa = PBXFileReference; lastKnownFileType = text.plist.strings; name = hu; path = hu.lproj/InfoPlist.strings; sourceTree = "<group>"; };
		0DFD552C2399F0B7000493FC /* it */ = {isa = PBXFileReference; lastKnownFileType = text.plist.strings; name = it; path = it.lproj/InfoPlist.strings; sourceTree = "<group>"; };
		0DFD552D2399F0BB000493FC /* ja */ = {isa = PBXFileReference; lastKnownFileType = text.plist.strings; name = ja; path = ja.lproj/InfoPlist.strings; sourceTree = "<group>"; };
		0DFD552E2399F0C0000493FC /* ko */ = {isa = PBXFileReference; lastKnownFileType = text.plist.strings; name = ko; path = ko.lproj/InfoPlist.strings; sourceTree = "<group>"; };
		0DFD552F2399F0C4000493FC /* pl */ = {isa = PBXFileReference; lastKnownFileType = text.plist.strings; name = pl; path = pl.lproj/InfoPlist.strings; sourceTree = "<group>"; };
		0DFD55302399F0C8000493FC /* pt-BR */ = {isa = PBXFileReference; lastKnownFileType = text.plist.strings; name = "pt-BR"; path = "pt-BR.lproj/InfoPlist.strings"; sourceTree = "<group>"; };
		0DFD55312399F0CD000493FC /* ru */ = {isa = PBXFileReference; lastKnownFileType = text.plist.strings; name = ru; path = ru.lproj/InfoPlist.strings; sourceTree = "<group>"; };
		0DFD55332399F0F1000493FC /* es */ = {isa = PBXFileReference; lastKnownFileType = text.plist.strings; name = es; path = es.lproj/InfoPlist.strings; sourceTree = "<group>"; };
		0DFD55342399F303000493FC /* zh-Hans */ = {isa = PBXFileReference; lastKnownFileType = text.plist.strings; name = "zh-Hans"; path = "zh-Hans.lproj/InfoPlist.strings"; sourceTree = "<group>"; };
		0DFD55352399F305000493FC /* zh-Hant-TW */ = {isa = PBXFileReference; lastKnownFileType = text.plist.strings; name = "zh-Hant-TW"; path = "zh-Hant-TW.lproj/InfoPlist.strings"; sourceTree = "<group>"; };
		0DFD55362399F307000493FC /* nl */ = {isa = PBXFileReference; lastKnownFileType = text.plist.strings; name = nl; path = nl.lproj/InfoPlist.strings; sourceTree = "<group>"; };
		0DFD55372399F309000493FC /* fr */ = {isa = PBXFileReference; lastKnownFileType = text.plist.strings; name = fr; path = fr.lproj/InfoPlist.strings; sourceTree = "<group>"; };
		0DFD55382399F30B000493FC /* de */ = {isa = PBXFileReference; lastKnownFileType = text.plist.strings; name = de; path = de.lproj/InfoPlist.strings; sourceTree = "<group>"; };
		0DFD55392399F30F000493FC /* hu */ = {isa = PBXFileReference; lastKnownFileType = text.plist.strings; name = hu; path = hu.lproj/InfoPlist.strings; sourceTree = "<group>"; };
		0DFD553A2399F310000493FC /* it */ = {isa = PBXFileReference; lastKnownFileType = text.plist.strings; name = it; path = it.lproj/InfoPlist.strings; sourceTree = "<group>"; };
		0DFD553B2399F312000493FC /* ja */ = {isa = PBXFileReference; lastKnownFileType = text.plist.strings; name = ja; path = ja.lproj/InfoPlist.strings; sourceTree = "<group>"; };
		0DFD553C2399F314000493FC /* ko */ = {isa = PBXFileReference; lastKnownFileType = text.plist.strings; name = ko; path = ko.lproj/InfoPlist.strings; sourceTree = "<group>"; };
		0DFD553D2399F316000493FC /* pl */ = {isa = PBXFileReference; lastKnownFileType = text.plist.strings; name = pl; path = pl.lproj/InfoPlist.strings; sourceTree = "<group>"; };
		0DFD553E2399F318000493FC /* pt-BR */ = {isa = PBXFileReference; lastKnownFileType = text.plist.strings; name = "pt-BR"; path = "pt-BR.lproj/InfoPlist.strings"; sourceTree = "<group>"; };
		0DFD553F2399F31B000493FC /* ru */ = {isa = PBXFileReference; lastKnownFileType = text.plist.strings; name = ru; path = ru.lproj/InfoPlist.strings; sourceTree = "<group>"; };
		0DFD55402399F31E000493FC /* es */ = {isa = PBXFileReference; lastKnownFileType = text.plist.strings; name = es; path = es.lproj/InfoPlist.strings; sourceTree = "<group>"; };
		1E14B73C21369F5400E28C38 /* StringExtension.swift */ = {isa = PBXFileReference; lastKnownFileType = sourcecode.swift; path = StringExtension.swift; sourceTree = "<group>"; };
		1E14B752213819A800E28C38 /* TrustedSitesViewController.swift */ = {isa = PBXFileReference; lastKnownFileType = sourcecode.swift; path = TrustedSitesViewController.swift; sourceTree = "<group>"; };
		1E14B7562138217800E28C38 /* TrustedSiteItemCollectionViewItem.swift */ = {isa = PBXFileReference; lastKnownFileType = sourcecode.swift; path = TrustedSiteItemCollectionViewItem.swift; sourceTree = "<group>"; };
		1E14B7572138217800E28C38 /* TrustedSiteItemCollectionViewItem.xib */ = {isa = PBXFileReference; lastKnownFileType = file.xib; path = TrustedSiteItemCollectionViewItem.xib; sourceTree = "<group>"; };
		1E597C2C2133F8170098631F /* DetailViewController.swift */ = {isa = PBXFileReference; lastKnownFileType = sourcecode.swift; path = DetailViewController.swift; sourceTree = "<group>"; };
		1E597C3521340D180098631F /* MenuItemCollectionViewItem.xib */ = {isa = PBXFileReference; lastKnownFileType = file.xib; path = MenuItemCollectionViewItem.xib; sourceTree = "<group>"; };
		1E597C412134407F0098631F /* HomeViewController.swift */ = {isa = PBXFileReference; lastKnownFileType = sourcecode.swift; path = HomeViewController.swift; sourceTree = "<group>"; };
		1E597C4321344ACC0098631F /* MenuItem.swift */ = {isa = PBXFileReference; lastKnownFileType = sourcecode.swift; path = MenuItem.swift; sourceTree = "<group>"; };
		1E597C4521354D820098631F /* NSColorExtension.swift */ = {isa = PBXFileReference; fileEncoding = 4; lastKnownFileType = sourcecode.swift; path = NSColorExtension.swift; sourceTree = "<group>"; };
		1E597C4721354DE60098631F /* Preferences.swift */ = {isa = PBXFileReference; lastKnownFileType = sourcecode.swift; path = Preferences.swift; sourceTree = "<group>"; };
		1E597C492135682B0098631F /* ModalViewController.swift */ = {isa = PBXFileReference; lastKnownFileType = sourcecode.swift; path = ModalViewController.swift; sourceTree = "<group>"; };
		4F3049202118982600BA3961 /* AppDelegate.swift */ = {isa = PBXFileReference; lastKnownFileType = sourcecode.swift; path = AppDelegate.swift; sourceTree = "<group>"; };
		4F3049242118982700BA3961 /* Assets.xcassets */ = {isa = PBXFileReference; lastKnownFileType = folder.assetcatalog; path = Assets.xcassets; sourceTree = "<group>"; };
		4F3049292118982700BA3961 /* Info.plist */ = {isa = PBXFileReference; lastKnownFileType = text.plist.xml; path = Info.plist; sourceTree = "<group>"; };
		4F30492A2118982700BA3961 /* GhosteryLite.entitlements */ = {isa = PBXFileReference; lastKnownFileType = text.plist.entitlements; path = GhosteryLite.entitlements; sourceTree = "<group>"; };
		4F3049392118983D00BA3961 /* SafariExtensionHandler.swift */ = {isa = PBXFileReference; lastKnownFileType = sourcecode.swift; path = SafariExtensionHandler.swift; sourceTree = "<group>"; };
		4F30493B2118983D00BA3961 /* SafariExtensionViewController.swift */ = {isa = PBXFileReference; lastKnownFileType = sourcecode.swift; path = SafariExtensionViewController.swift; sourceTree = "<group>"; };
		4F3049402118983D00BA3961 /* Info.plist */ = {isa = PBXFileReference; lastKnownFileType = text.plist.xml; path = Info.plist; sourceTree = "<group>"; };
		4F3049452118983D00BA3961 /* SafariExtension.entitlements */ = {isa = PBXFileReference; lastKnownFileType = text.plist.entitlements; path = SafariExtension.entitlements; sourceTree = "<group>"; };
		4F3049562118985C00BA3961 /* ContentBlockerRequestHandler.swift */ = {isa = PBXFileReference; lastKnownFileType = sourcecode.swift; path = ContentBlockerRequestHandler.swift; sourceTree = "<group>"; };
		4F3049582118985C00BA3961 /* Info.plist */ = {isa = PBXFileReference; lastKnownFileType = text.plist.xml; path = Info.plist; sourceTree = "<group>"; };
		4F3049592118985C00BA3961 /* ContentBlocker.entitlements */ = {isa = PBXFileReference; lastKnownFileType = text.plist.entitlements; path = ContentBlocker.entitlements; sourceTree = "<group>"; };
		4F3049A12119F4FC00BA3961 /* ArrayExtension.swift */ = {isa = PBXFileReference; fileEncoding = 4; lastKnownFileType = sourcecode.swift; path = ArrayExtension.swift; sourceTree = "<group>"; };
		4F3049A22119F4FC00BA3961 /* DictionaryExtension.swift */ = {isa = PBXFileReference; fileEncoding = 4; lastKnownFileType = sourcecode.swift; path = DictionaryExtension.swift; sourceTree = "<group>"; };
		4F3049A32119F4FC00BA3961 /* URLExtension.swift */ = {isa = PBXFileReference; fileEncoding = 4; lastKnownFileType = sourcecode.swift; path = URLExtension.swift; sourceTree = "<group>"; };
		4F3049AE211B36E800BA3961 /* BlockLists.swift */ = {isa = PBXFileReference; lastKnownFileType = sourcecode.swift; path = BlockLists.swift; sourceTree = "<group>"; };
		4F3049B3211C6D3200BA3961 /* GhosteryApplication.swift */ = {isa = PBXFileReference; lastKnownFileType = sourcecode.swift; path = GhosteryApplication.swift; sourceTree = "<group>"; };
		4F51EDC72191A0C60032DCDF /* TrustButtonCell.swift */ = {isa = PBXFileReference; lastKnownFileType = sourcecode.swift; path = TrustButtonCell.swift; sourceTree = "<group>"; };
		4F83ABB321393CF400BC76E4 /* SettingsViewController.swift */ = {isa = PBXFileReference; fileEncoding = 4; lastKnownFileType = sourcecode.swift; path = SettingsViewController.swift; sourceTree = "<group>"; };
		4F90DD80214BD74F00E8BA6D /* WhiteList.swift */ = {isa = PBXFileReference; lastKnownFileType = sourcecode.swift; path = WhiteList.swift; sourceTree = "<group>"; };
		4F931A242126C8C900AF4226 /* Constants.swift */ = {isa = PBXFileReference; lastKnownFileType = sourcecode.swift; path = Constants.swift; sourceTree = "<group>"; };
		4F9CF8E0215BCD6A005B1C1B /* TelemetryService.swift */ = {isa = PBXFileReference; fileEncoding = 4; lastKnownFileType = sourcecode.swift; path = TelemetryService.swift; sourceTree = "<group>"; };
		4F9CF8E2215BCD97005B1C1B /* Telemetry.swift */ = {isa = PBXFileReference; lastKnownFileType = sourcecode.swift; path = Telemetry.swift; sourceTree = "<group>"; };
		4FCEAA22212E0CCE00AACE42 /* Images.xcassets */ = {isa = PBXFileReference; lastKnownFileType = folder.assetcatalog; path = Images.xcassets; sourceTree = "<group>"; };
		4FFD8313212B36BC0038149F /* FileManagerExtension.swift */ = {isa = PBXFileReference; lastKnownFileType = sourcecode.swift; path = FileManagerExtension.swift; sourceTree = "<group>"; };
		4FFD8337212B4FF90038149F /* BlockListAssets */ = {isa = PBXFileReference; lastKnownFileType = folder; path = BlockListAssets; sourceTree = "<group>"; };
		4FFD8350212C6C740038149F /* WindowController.swift */ = {isa = PBXFileReference; lastKnownFileType = sourcecode.swift; path = WindowController.swift; sourceTree = "<group>"; };
/* End PBXFileReference section */

/* Begin PBXFrameworksBuildPhase section */
		4F30491A2118982600BA3961 /* Frameworks */ = {
			isa = PBXFrameworksBuildPhase;
			buildActionMask = 2147483647;
			files = (
			);
			runOnlyForDeploymentPostprocessing = 0;
		};
		4F3049312118983D00BA3961 /* Frameworks */ = {
			isa = PBXFrameworksBuildPhase;
			buildActionMask = 2147483647;
			files = (
				0D3FBB02235F701F0054822A /* Cocoa.framework in Frameworks */,
			);
			runOnlyForDeploymentPostprocessing = 0;
		};
		4F30494E2118985C00BA3961 /* Frameworks */ = {
			isa = PBXFrameworksBuildPhase;
			buildActionMask = 2147483647;
			files = (
				0D3FBB04235F74940054822A /* Cocoa.framework in Frameworks */,
			);
			runOnlyForDeploymentPostprocessing = 0;
		};
/* End PBXFrameworksBuildPhase section */

/* Begin PBXGroup section */
		0D02795123624B45007D5F66 /* SupportingFiles */ = {
			isa = PBXGroup;
			children = (
				4F3049402118983D00BA3961 /* Info.plist */,
				0DD3BF7E236CCD2A00889C41 /* InfoPlist.strings */,
				4F3049452118983D00BA3961 /* SafariExtension.entitlements */,
			);
			path = SupportingFiles;
			sourceTree = "<group>";
		};
		0D02795323624D8E007D5F66 /* ExtensionView */ = {
			isa = PBXGroup;
			children = (
				0D02795423626D52007D5F66 /* Cells */,
				0D027976236538A8007D5F66 /* Localizable.strings */,
				4F30493B2118983D00BA3961 /* SafariExtensionViewController.swift */,
				0D3FBB2E2360B4FE0054822A /* SafariExtensionViewController.xib */,
			);
			path = ExtensionView;
			sourceTree = "<group>";
		};
		0D02795423626D52007D5F66 /* Cells */ = {
			isa = PBXGroup;
			children = (
				4F51EDC72191A0C60032DCDF /* TrustButtonCell.swift */,
			);
			path = Cells;
			sourceTree = "<group>";
		};
		0D027955236289D5007D5F66 /* SupportingFiles */ = {
			isa = PBXGroup;
			children = (
				4F3049592118985C00BA3961 /* ContentBlocker.entitlements */,
				4F3049582118985C00BA3961 /* Info.plist */,
				0DD3BF88236CD20F00889C41 /* InfoPlist.strings */,
			);
			path = SupportingFiles;
			sourceTree = "<group>";
		};
		0D02795623632D9A007D5F66 /* Resources */ = {
			isa = PBXGroup;
			children = (
				4F3049242118982700BA3961 /* Assets.xcassets */,
				4FFD8337212B4FF90038149F /* BlockListAssets */,
				0D588E83235E4C2F0003668C /* Fonts */,
			);
			path = Resources;
			sourceTree = "<group>";
		};
		0D02795723632DA3007D5F66 /* SupportingFiles */ = {
			isa = PBXGroup;
			children = (
				4F30492A2118982700BA3961 /* GhosteryLite.entitlements */,
				0D182932238E27AA00E5EE42 /* GhosteryLite.xcdatamodeld */,
				4F3049292118982700BA3961 /* Info.plist */,
				0DD3BF83236CD09300889C41 /* InfoPlist.strings */,
			);
			path = SupportingFiles;
			sourceTree = "<group>";
		};
		0D02795823632F84007D5F66 /* Views */ = {
			isa = PBXGroup;
			children = (
				0D02795A23634277007D5F66 /* Detail */,
				0D02795C236342D7007D5F66 /* Help */,
				0D02795D236342DC007D5F66 /* Home */,
				0D02795E236342E4007D5F66 /* Main */,
				0D02795923634271007D5F66 /* Menu */,
				0D02796323634662007D5F66 /* Modal */,
				0D02795F236342F5007D5F66 /* Settings */,
				0D027960236342FE007D5F66 /* TrustedSites */,
			);
			path = Views;
			sourceTree = "<group>";
		};
		0D02795923634271007D5F66 /* Menu */ = {
			isa = PBXGroup;
			children = (
				0D02795B236342BD007D5F66 /* MenuItem */,
				0D02796E23638C19007D5F66 /* MenuViewController.swift */,
				0DBA6540238317BF0011AAD3 /* MenuViewControllerDelegate.swift */,
				0DBA6542238317E70011AAD3 /* MenuViewControllerExtension.swift */,
			);
			path = Menu;
			sourceTree = "<group>";
		};
		0D02795A23634277007D5F66 /* Detail */ = {
			isa = PBXGroup;
			children = (
				1E597C2C2133F8170098631F /* DetailViewController.swift */,
				0DBA653C238315FB0011AAD3 /* DetailViewControllerDelegate.swift */,
			);
			path = Detail;
			sourceTree = "<group>";
		};
		0D02795B236342BD007D5F66 /* MenuItem */ = {
			isa = PBXGroup;
			children = (
				1E597C4321344ACC0098631F /* MenuItem.swift */,
				0D02796C23638895007D5F66 /* MenuItemCollectionViewItem.swift */,
				1E597C3521340D180098631F /* MenuItemCollectionViewItem.xib */,
			);
			path = MenuItem;
			sourceTree = "<group>";
		};
		0D02795C236342D7007D5F66 /* Help */ = {
			isa = PBXGroup;
			children = (
				0D027966236373E5007D5F66 /* HelpViewController.swift */,
			);
			path = Help;
			sourceTree = "<group>";
		};
		0D02795D236342DC007D5F66 /* Home */ = {
			isa = PBXGroup;
			children = (
				1E597C412134407F0098631F /* HomeViewController.swift */,
			);
			path = Home;
			sourceTree = "<group>";
		};
		0D02795E236342E4007D5F66 /* Main */ = {
			isa = PBXGroup;
			children = (
				0DDCFF7B23660DBD009481D4 /* Localizable.strings */,
				0D3FBB332360B5320054822A /* Main.storyboard */,
				0D027968236374A2007D5F66 /* MainViewController.swift */,
				0DBA653E238316BA0011AAD3 /* MainViewControllerExtension.swift */,
			);
			path = Main;
			sourceTree = "<group>";
		};
		0D02795F236342F5007D5F66 /* Settings */ = {
			isa = PBXGroup;
			children = (
				4F83ABB321393CF400BC76E4 /* SettingsViewController.swift */,
			);
			path = Settings;
			sourceTree = "<group>";
		};
		0D027960236342FE007D5F66 /* TrustedSites */ = {
			isa = PBXGroup;
			children = (
				0D02796123634306007D5F66 /* TrustedSiteItem */,
				1E14B752213819A800E28C38 /* TrustedSitesViewController.swift */,
				0DBA6548238319530011AAD3 /* TrustedSitesViewControllerExtension.swift */,
			);
			path = TrustedSites;
			sourceTree = "<group>";
		};
		0D02796123634306007D5F66 /* TrustedSiteItem */ = {
			isa = PBXGroup;
			children = (
				1E14B7562138217800E28C38 /* TrustedSiteItemCollectionViewItem.swift */,
				1E14B7572138217800E28C38 /* TrustedSiteItemCollectionViewItem.xib */,
				0DBA6546238318A50011AAD3 /* TrustedSiteItemDelegate.swift */,
			);
			path = TrustedSiteItem;
			sourceTree = "<group>";
		};
		0D027962236345EF007D5F66 /* Window */ = {
			isa = PBXGroup;
			children = (
				4FFD8350212C6C740038149F /* WindowController.swift */,
			);
			path = Window;
			sourceTree = "<group>";
		};
		0D02796323634662007D5F66 /* Modal */ = {
			isa = PBXGroup;
			children = (
				1E597C492135682B0098631F /* ModalViewController.swift */,
				0DBA65442383184D0011AAD3 /* ModalViewControllerDelegate.swift */,
			);
			path = Modal;
			sourceTree = "<group>";
		};
		0D02796423634CDC007D5F66 /* Application */ = {
			isa = PBXGroup;
			children = (
				4F3049392118983D00BA3961 /* SafariExtensionHandler.swift */,
			);
			path = Application;
			sourceTree = "<group>";
		};
		0D02796523634CF1007D5F66 /* Application */ = {
			isa = PBXGroup;
			children = (
				4F3049202118982600BA3961 /* AppDelegate.swift */,
				4F3049B3211C6D3200BA3961 /* GhosteryApplication.swift */,
			);
			path = Application;
			sourceTree = "<group>";
		};
		0D3FBB06235F9F140054822A /* Resources */ = {
			isa = PBXGroup;
			children = (
				4FCEAA22212E0CCE00AACE42 /* Images.xcassets */,
				0D02794F23624099007D5F66 /* ghostery_icon.pdf */,
				0D99D75B212EFC44005D107D /* page_performance.js */,
			);
			path = Resources;
			sourceTree = "<group>";
		};
		0D588DA1235E41D10003668C /* Products */ = {
			isa = PBXGroup;
			children = (
				0D588D9B235E3FBB0003668C /* GhosteryLite.app */,
				0D588D9C235E3FBB0003668C /* SafariExtension.appex */,
				0D588D9D235E3FBB0003668C /* ContentBlocker.appex */,
			);
			name = Products;
			sourceTree = "<group>";
		};
		0D74B482238396220095E9C1 /* Services */ = {
			isa = PBXGroup;
			children = (
				0D5230B12371CB51007A7508 /* HTTPService.swift */,
				4F9CF8E0215BCD6A005B1C1B /* TelemetryService.swift */,
			);
			path = Services;
			sourceTree = "<group>";
		};
		0DD3BF8A236CD80600889C41 /* .tx */ = {
			isa = PBXGroup;
			children = (
				0DD3BF8B236CD80600889C41 /* config */,
			);
			path = .tx;
			sourceTree = "<group>";
		};
		0DDF2788238B2C5900C17AC8 /* Models */ = {
			isa = PBXGroup;
			children = (
				0DDF278C238B2EB900C17AC8 /* BlockingConfiguration.swift */,
				0DDF2789238B2CB600C17AC8 /* TrustedSite.swift */,
			);
			path = Models;
			sourceTree = "<group>";
		};
		0DDF279B238B6F4A00C17AC8 /* Libraries */ = {
			isa = PBXGroup;
			children = (
				0D588E81235E46870003668C /* PageLatency.swift */,
			);
			path = Libraries;
			sourceTree = "<group>";
		};
		0DDF279C238B70E100C17AC8 /* Controllers */ = {
			isa = PBXGroup;
			children = (
				0D027962236345EF007D5F66 /* Window */,
			);
			path = Controllers;
			sourceTree = "<group>";
		};
		0DF65C4D22E793AF0076A4BD /* Views */ = {
			isa = PBXGroup;
			children = (
				0D02795323624D8E007D5F66 /* ExtensionView */,
			);
			path = Views;
			sourceTree = "<group>";
		};
		12C745E560D59A7A5C913F04 /* Frameworks */ = {
			isa = PBXGroup;
			children = (
				0D3FBB00235F70030054822A /* Cocoa.framework */,
			);
			name = Frameworks;
			sourceTree = "<group>";
		};
		4F3049142118982600BA3961 = {
			isa = PBXGroup;
			children = (
				0DD3BF8A236CD80600889C41 /* .tx */,
				4F3049532118985C00BA3961 /* ContentBlocker */,
				4F30491F2118982600BA3961 /* GhosteryLite */,
				4F3049382118983D00BA3961 /* SafariExtension */,
				0D3FBB05235F99450054822A /* .gitignore */,
				0D588E88235E50B20003668C /* CHANGELOG.md */,
				0D2AA0BD2243DA0C0055B6B8 /* LICENSE */,
				0D0279742365184E007D5F66 /* Makefile */,
				0DCADD5F235E5EE300F00AB4 /* README.md */,
				12C745E560D59A7A5C913F04 /* Frameworks */,
				0D588DA1235E41D10003668C /* Products */,
			);
			sourceTree = "<group>";
		};
		4F30491F2118982600BA3961 /* GhosteryLite */ = {
			isa = PBXGroup;
			children = (
				0D02796523634CF1007D5F66 /* Application */,
				0DDF279C238B70E100C17AC8 /* Controllers */,
				4F3049A02119F4FC00BA3961 /* Extensions */,
				4F931A232126C8AF00AF4226 /* Libraries */,
				0DDF2788238B2C5900C17AC8 /* Models */,
				0D02795623632D9A007D5F66 /* Resources */,
				0D74B482238396220095E9C1 /* Services */,
				0D02795723632DA3007D5F66 /* SupportingFiles */,
				0D02795823632F84007D5F66 /* Views */,
			);
			path = GhosteryLite;
			sourceTree = "<group>";
		};
		4F3049382118983D00BA3961 /* SafariExtension */ = {
			isa = PBXGroup;
			children = (
				0D02796423634CDC007D5F66 /* Application */,
				0DDF279B238B6F4A00C17AC8 /* Libraries */,
				0D3FBB06235F9F140054822A /* Resources */,
				0D02795123624B45007D5F66 /* SupportingFiles */,
				0DF65C4D22E793AF0076A4BD /* Views */,
			);
			path = SafariExtension;
			sourceTree = "<group>";
		};
		4F3049532118985C00BA3961 /* ContentBlocker */ = {
			isa = PBXGroup;
			children = (
				0D027955236289D5007D5F66 /* SupportingFiles */,
				4F3049562118985C00BA3961 /* ContentBlockerRequestHandler.swift */,
			);
			path = ContentBlocker;
			sourceTree = "<group>";
		};
		4F3049A02119F4FC00BA3961 /* Extensions */ = {
			isa = PBXGroup;
			children = (
				4F3049A12119F4FC00BA3961 /* ArrayExtension.swift */,
				4F3049A22119F4FC00BA3961 /* DictionaryExtension.swift */,
				4FFD8313212B36BC0038149F /* FileManagerExtension.swift */,
				0D02796A2363826C007D5F66 /* NSApplicationExtension.swift */,
				1E597C4521354D820098631F /* NSColorExtension.swift */,
				1E14B73C21369F5400E28C38 /* StringExtension.swift */,
				4F3049A32119F4FC00BA3961 /* URLExtension.swift */,
				0DBA654A238327D20011AAD3 /* URLSessionExtension.swift */,
			);
			path = Extensions;
			sourceTree = "<group>";
		};
		4F931A232126C8AF00AF4226 /* Libraries */ = {
			isa = PBXGroup;
			children = (
				4F3049AE211B36E800BA3961 /* BlockLists.swift */,
				0D5230B32371CCD8007A7508 /* Categories.swift */,
				4F931A242126C8C900AF4226 /* Constants.swift */,
				1E597C4721354DE60098631F /* Preferences.swift */,
				4F9CF8E2215BCD97005B1C1B /* Telemetry.swift */,
				4F90DD80214BD74F00E8BA6D /* WhiteList.swift */,
				0D1829382390213300E5EE42 /* Utils.swift */,
			);
			path = Libraries;
			sourceTree = "<group>";
		};
/* End PBXGroup section */

/* Begin PBXNativeTarget section */
		4F30491C2118982600BA3961 /* GhosteryLite */ = {
			isa = PBXNativeTarget;
			buildConfigurationList = 4F30492D2118982700BA3961 /* Build configuration list for PBXNativeTarget "GhosteryLite" */;
			buildPhases = (
				4F3049192118982600BA3961 /* Sources */,
				4F30491A2118982600BA3961 /* Frameworks */,
				4F30491B2118982600BA3961 /* Resources */,
				4F30494C2118983D00BA3961 /* Embed App Extensions */,
			);
			buildRules = (
			);
			dependencies = (
				0D3FBAFC235F6EAA0054822A /* PBXTargetDependency */,
				0D3FBAFF235F6EB10054822A /* PBXTargetDependency */,
			);
			name = GhosteryLite;
			productName = GhosteryLite;
			productReference = 0D588D9B235E3FBB0003668C /* GhosteryLite.app */;
			productType = "com.apple.product-type.application";
		};
		4F3049332118983D00BA3961 /* SafariExtension */ = {
			isa = PBXNativeTarget;
			buildConfigurationList = 4F3049492118983D00BA3961 /* Build configuration list for PBXNativeTarget "SafariExtension" */;
			buildPhases = (
				4F3049302118983D00BA3961 /* Sources */,
				4F3049312118983D00BA3961 /* Frameworks */,
				4F3049322118983D00BA3961 /* Resources */,
			);
			buildRules = (
			);
			dependencies = (
			);
			name = SafariExtension;
			productName = SafariExtension;
			productReference = 0D588D9C235E3FBB0003668C /* SafariExtension.appex */;
			productType = "com.apple.product-type.app-extension";
		};
		4F3049502118985C00BA3961 /* ContentBlocker */ = {
			isa = PBXNativeTarget;
			buildConfigurationList = 4F30495D2118985C00BA3961 /* Build configuration list for PBXNativeTarget "ContentBlocker" */;
			buildPhases = (
				4F30494D2118985C00BA3961 /* Sources */,
				4F30494E2118985C00BA3961 /* Frameworks */,
				4F30494F2118985C00BA3961 /* Resources */,
			);
			buildRules = (
			);
			dependencies = (
			);
			name = ContentBlocker;
			productName = ContentBlocker;
			productReference = 0D588D9D235E3FBB0003668C /* ContentBlocker.appex */;
			productType = "com.apple.product-type.app-extension";
		};
/* End PBXNativeTarget section */

/* Begin PBXProject section */
		4F3049152118982600BA3961 /* Project object */ = {
			isa = PBXProject;
			attributes = {
				LastSwiftUpdateCheck = 0940;
				LastUpgradeCheck = 1100;
				ORGANIZATIONNAME = Ghostery;
				TargetAttributes = {
					4F30491C2118982600BA3961 = {
						CreatedOnToolsVersion = 9.4;
						LastSwiftMigration = 1020;
						SystemCapabilities = {
							com.apple.ApplicationGroups.Mac = {
								enabled = 1;
							};
							com.apple.Sandbox = {
								enabled = 1;
							};
						};
					};
					4F3049332118983D00BA3961 = {
						CreatedOnToolsVersion = 9.4;
						LastSwiftMigration = 1020;
						SystemCapabilities = {
							com.apple.ApplicationGroups.Mac = {
								enabled = 1;
							};
							com.apple.Sandbox = {
								enabled = 1;
							};
						};
					};
					4F3049502118985C00BA3961 = {
						CreatedOnToolsVersion = 9.4;
						LastSwiftMigration = 1020;
						SystemCapabilities = {
							com.apple.ApplicationGroups.Mac = {
								enabled = 1;
							};
						};
					};
				};
			};
			buildConfigurationList = 4F3049182118982600BA3961 /* Build configuration list for PBXProject "GhosteryLite" */;
			compatibilityVersion = "Xcode 10.0";
			developmentRegion = en;
			hasScannedForEncodings = 0;
			knownRegions = (
				en,
				Base,
				de,
				fr,
				es,
				"zh-Hant-TW",
				nl,
				hu,
				it,
				ja,
				ko,
				pl,
				"pt-BR",
				ru,
				"zh-Hans",
			);
			mainGroup = 4F3049142118982600BA3961;
			productRefGroup = 4F3049142118982600BA3961;
			projectDirPath = "";
			projectRoot = "";
			targets = (
				4F30491C2118982600BA3961 /* GhosteryLite */,
				4F3049332118983D00BA3961 /* SafariExtension */,
				4F3049502118985C00BA3961 /* ContentBlocker */,
			);
		};
/* End PBXProject section */

/* Begin PBXResourcesBuildPhase section */
		4F30491B2118982600BA3961 /* Resources */ = {
			isa = PBXResourcesBuildPhase;
			buildActionMask = 2147483647;
			files = (
				1E14B7592138217800E28C38 /* TrustedSiteItemCollectionViewItem.xib in Resources */,
				0DD3BF81236CD09300889C41 /* InfoPlist.strings in Resources */,
				1E597C3721340D180098631F /* MenuItemCollectionViewItem.xib in Resources */,
				4FFD8338212B4FF90038149F /* BlockListAssets in Resources */,
				0DDCFF7923660DBD009481D4 /* Localizable.strings in Resources */,
				0D3FBB312360B5320054822A /* Main.storyboard in Resources */,
				0D588E84235E4C2F0003668C /* Fonts in Resources */,
				4F3049252118982700BA3961 /* Assets.xcassets in Resources */,
			);
			runOnlyForDeploymentPostprocessing = 0;
		};
		4F3049322118983D00BA3961 /* Resources */ = {
			isa = PBXResourcesBuildPhase;
			buildActionMask = 2147483647;
			files = (
				0D02795023624099007D5F66 /* ghostery_icon.pdf in Resources */,
				0DD3BF7C236CCD2A00889C41 /* InfoPlist.strings in Resources */,
				0D027978236538A9007D5F66 /* Localizable.strings in Resources */,
				0D3FBB2C2360B4FE0054822A /* SafariExtensionViewController.xib in Resources */,
				0D99D75C212EFC44005D107D /* page_performance.js in Resources */,
				0D588E85235E4C2F0003668C /* Fonts in Resources */,
				4FCEAA23212E0CCE00AACE42 /* Images.xcassets in Resources */,
			);
			runOnlyForDeploymentPostprocessing = 0;
		};
		4F30494F2118985C00BA3961 /* Resources */ = {
			isa = PBXResourcesBuildPhase;
			buildActionMask = 2147483647;
			files = (
				0DD3BF86236CD20F00889C41 /* InfoPlist.strings in Resources */,
			);
			runOnlyForDeploymentPostprocessing = 0;
		};
/* End PBXResourcesBuildPhase section */

/* Begin PBXSourcesBuildPhase section */
		4F3049192118982600BA3961 /* Sources */ = {
			isa = PBXSourcesBuildPhase;
			buildActionMask = 2147483647;
			files = (
				4F3049A42119F4FC00BA3961 /* ArrayExtension.swift in Sources */,
				4F3049A52119F4FC00BA3961 /* DictionaryExtension.swift in Sources */,
				0D02796B2363826C007D5F66 /* NSApplicationExtension.swift in Sources */,
				0DDF278A238B2CB600C17AC8 /* TrustedSite.swift in Sources */,
				4F9CF8E3215BCD97005B1C1B /* Telemetry.swift in Sources */,
				0DBA654B238327D20011AAD3 /* URLSessionExtension.swift in Sources */,
				1E14B73D21369F5400E28C38 /* StringExtension.swift in Sources */,
				0D5230B22371CB51007A7508 /* HTTPService.swift in Sources */,
				0D5230B42371CCD8007A7508 /* Categories.swift in Sources */,
				1E597C2D2133F8170098631F /* DetailViewController.swift in Sources */,
				4FFD8351212C6C740038149F /* WindowController.swift in Sources */,
				0DBA6549238319530011AAD3 /* TrustedSitesViewControllerExtension.swift in Sources */,
				4F9CF8E1215BCD6A005B1C1B /* TelemetryService.swift in Sources */,
				0DBA6541238317BF0011AAD3 /* MenuViewControllerDelegate.swift in Sources */,
				0D02796D23638895007D5F66 /* MenuItemCollectionViewItem.swift in Sources */,
				0D1829392390213300E5EE42 /* Utils.swift in Sources */,
				0DBA6547238318A50011AAD3 /* TrustedSiteItemDelegate.swift in Sources */,
				0DBA6543238317E70011AAD3 /* MenuViewControllerExtension.swift in Sources */,
				4F90DD81214BD75000E8BA6D /* WhiteList.swift in Sources */,
				0DBA653D238315FB0011AAD3 /* DetailViewControllerDelegate.swift in Sources */,
				0DBA65452383184D0011AAD3 /* ModalViewControllerDelegate.swift in Sources */,
				4F3049A62119F4FC00BA3961 /* URLExtension.swift in Sources */,
				0D027969236374A2007D5F66 /* MainViewController.swift in Sources */,
				0D027967236373E5007D5F66 /* HelpViewController.swift in Sources */,
				1E597C4421344ACC0098631F /* MenuItem.swift in Sources */,
				4F3049AF211B36E800BA3961 /* BlockLists.swift in Sources */,
				1E597C4621354D830098631F /* NSColorExtension.swift in Sources */,
				1E597C422134407F0098631F /* HomeViewController.swift in Sources */,
				4F3049B4211C6D3200BA3961 /* GhosteryApplication.swift in Sources */,
				1E14B754213819A800E28C38 /* TrustedSitesViewController.swift in Sources */,
				4F931A252126C8C900AF4226 /* Constants.swift in Sources */,
				0D182934238E27AA00E5EE42 /* GhosteryLite.xcdatamodeld in Sources */,
				4F3049212118982600BA3961 /* AppDelegate.swift in Sources */,
				4FFD8314212B36BC0038149F /* FileManagerExtension.swift in Sources */,
				1E597C4821354DE60098631F /* Preferences.swift in Sources */,
				0DDF278D238B2EB900C17AC8 /* BlockingConfiguration.swift in Sources */,
				0DBA653F238316BA0011AAD3 /* MainViewControllerExtension.swift in Sources */,
				0D02796F23638C19007D5F66 /* MenuViewController.swift in Sources */,
				1E14B7582138217800E28C38 /* TrustedSiteItemCollectionViewItem.swift in Sources */,
				1E597C4A2135682B0098631F /* ModalViewController.swift in Sources */,
				4F83ABB421393CF500BC76E4 /* SettingsViewController.swift in Sources */,
			);
			runOnlyForDeploymentPostprocessing = 0;
		};
		4F3049302118983D00BA3961 /* Sources */ = {
			isa = PBXSourcesBuildPhase;
			buildActionMask = 2147483647;
			files = (
				0D182937238F812700E5EE42 /* AppDelegate.swift in Sources */,
				4F9CF8E8215E57B9005B1C1B /* TelemetryService.swift in Sources */,
				4FB1E6D8213EC6DC00136D2A /* NSColorExtension.swift in Sources */,
				0DDCFF7E2366666D009481D4 /* Preferences.swift in Sources */,
				0D588E82235E46870003668C /* PageLatency.swift in Sources */,
				0DDF278B238B2CB600C17AC8 /* TrustedSite.swift in Sources */,
				0D182935238E27AA00E5EE42 /* GhosteryLite.xcdatamodeld in Sources */,
				4F9CF8E7215E57B6005B1C1B /* Telemetry.swift in Sources */,
				0DDCFF8323666792009481D4 /* FileManagerExtension.swift in Sources */,
				4F30493C2118983D00BA3961 /* SafariExtensionViewController.swift in Sources */,
				0DDF278E238B2EB900C17AC8 /* BlockingConfiguration.swift in Sources */,
				0D5230B52371D129007A7508 /* Categories.swift in Sources */,
				0DBA654C238327D20011AAD3 /* URLSessionExtension.swift in Sources */,
				4F30493A2118983D00BA3961 /* SafariExtensionHandler.swift in Sources */,
				4F51EDC82191A0C60032DCDF /* TrustButtonCell.swift in Sources */,
				0D18293A2390213300E5EE42 /* Utils.swift in Sources */,
				4F931A1D2125D3DE00AF4226 /* URLExtension.swift in Sources */,
				0DDCFF812366670D009481D4 /* WhiteList.swift in Sources */,
				4FB1E6D7213EBF5300136D2A /* StringExtension.swift in Sources */,
				4F931A262126C95A00AF4226 /* Constants.swift in Sources */,
				0D182936238F7CC900E5EE42 /* GhosteryApplication.swift in Sources */,
				0D5230B62371D136007A7508 /* HTTPService.swift in Sources */,
				0DDCFF7F236666B7009481D4 /* BlockLists.swift in Sources */,
			);
			runOnlyForDeploymentPostprocessing = 0;
		};
		4F30494D2118985C00BA3961 /* Sources */ = {
			isa = PBXSourcesBuildPhase;
			buildActionMask = 2147483647;
			files = (
				4F931A272126C95B00AF4226 /* Constants.swift in Sources */,
				4F3049572118985C00BA3961 /* ContentBlockerRequestHandler.swift in Sources */,
				0D18293B2390213300E5EE42 /* Utils.swift in Sources */,
			);
			runOnlyForDeploymentPostprocessing = 0;
		};
/* End PBXSourcesBuildPhase section */

/* Begin PBXTargetDependency section */
		0D3FBAFC235F6EAA0054822A /* PBXTargetDependency */ = {
			isa = PBXTargetDependency;
			target = 4F3049332118983D00BA3961 /* SafariExtension */;
			targetProxy = 0D3FBAFB235F6EAA0054822A /* PBXContainerItemProxy */;
		};
		0D3FBAFF235F6EB10054822A /* PBXTargetDependency */ = {
			isa = PBXTargetDependency;
			target = 4F3049502118985C00BA3961 /* ContentBlocker */;
			targetProxy = 0D3FBAFE235F6EB10054822A /* PBXContainerItemProxy */;
		};
/* End PBXTargetDependency section */

/* Begin PBXVariantGroup section */
		0D027976236538A8007D5F66 /* Localizable.strings */ = {
			isa = PBXVariantGroup;
			children = (
				0D027977236538A8007D5F66 /* en */,
				0DD3BF92236CDBCE00889C41 /* de */,
				0DD3BF99236CFFF300889C41 /* fr */,
				0DD3BFA0236CFFFA00889C41 /* es */,
				0DD3BFA7236D004A00889C41 /* zh-Hant-TW */,
				0DD3BFB5236D006800889C41 /* nl */,
				0DD3BFBC236D007400889C41 /* hu */,
				0DD3BFC3236D007F00889C41 /* it */,
				0DD3BFCA236D008800889C41 /* ja */,
				0DD3BFD1236D009200889C41 /* ko */,
				0DD3BFD8236D009E00889C41 /* pl */,
				0DD3BFDF236D00A800889C41 /* pt-BR */,
				0DD3BFE6236D00B600889C41 /* ru */,
				0DD3BFED236D04EC00889C41 /* zh-Hans */,
			);
			name = Localizable.strings;
			sourceTree = "<group>";
		};
		0D3FBB2E2360B4FE0054822A /* SafariExtensionViewController.xib */ = {
			isa = PBXVariantGroup;
			children = (
				0D3FBB2D2360B4FE0054822A /* Base */,
				0D02797A2365409A007D5F66 /* en */,
				0DD3BF8E236CDBCD00889C41 /* de */,
				0DD3BF95236CFFF200889C41 /* fr */,
				0DD3BF9C236CFFF900889C41 /* es */,
				0DD3BFA3236D004900889C41 /* zh-Hant-TW */,
				0DD3BFB1236D006700889C41 /* nl */,
				0DD3BFB8236D007400889C41 /* hu */,
				0DD3BFBF236D007E00889C41 /* it */,
				0DD3BFC6236D008700889C41 /* ja */,
				0DD3BFCD236D009200889C41 /* ko */,
				0DD3BFD4236D009E00889C41 /* pl */,
				0DD3BFDB236D00A700889C41 /* pt-BR */,
				0DD3BFE2236D00B500889C41 /* ru */,
				0DD3BFE9236D04EC00889C41 /* zh-Hans */,
			);
			name = SafariExtensionViewController.xib;
			sourceTree = "<group>";
		};
		0D3FBB332360B5320054822A /* Main.storyboard */ = {
			isa = PBXVariantGroup;
			children = (
				0D3FBB322360B5320054822A /* Base */,
				0D2D0CCC2369E20F00C3ED87 /* en */,
				0DD3BF8D236CDBCD00889C41 /* de */,
				0DD3BF94236CFFF200889C41 /* fr */,
				0DD3BF9B236CFFF900889C41 /* es */,
				0DD3BFA2236D004900889C41 /* zh-Hant-TW */,
				0DD3BFB0236D006700889C41 /* nl */,
				0DD3BFB7236D007400889C41 /* hu */,
				0DD3BFBE236D007E00889C41 /* it */,
				0DD3BFC5236D008700889C41 /* ja */,
				0DD3BFCC236D009200889C41 /* ko */,
				0DD3BFD3236D009D00889C41 /* pl */,
				0DD3BFDA236D00A700889C41 /* pt-BR */,
				0DD3BFE1236D00B500889C41 /* ru */,
				0DD3BFE8236D04EC00889C41 /* zh-Hans */,
			);
			name = Main.storyboard;
			sourceTree = "<group>";
		};
		0DD3BF7E236CCD2A00889C41 /* InfoPlist.strings */ = {
			isa = PBXVariantGroup;
			children = (
				0DD3BF7D236CCD2A00889C41 /* en */,
				0DFD55342399F303000493FC /* zh-Hans */,
				0DFD55352399F305000493FC /* zh-Hant-TW */,
				0DFD55362399F307000493FC /* nl */,
				0DFD55372399F309000493FC /* fr */,
				0DFD55382399F30B000493FC /* de */,
				0DFD55392399F30F000493FC /* hu */,
				0DFD553A2399F310000493FC /* it */,
				0DFD553B2399F312000493FC /* ja */,
				0DFD553C2399F314000493FC /* ko */,
				0DFD553D2399F316000493FC /* pl */,
				0DFD553E2399F318000493FC /* pt-BR */,
				0DFD553F2399F31B000493FC /* ru */,
				0DFD55402399F31E000493FC /* es */,
			);
			name = InfoPlist.strings;
			sourceTree = "<group>";
		};
		0DD3BF83236CD09300889C41 /* InfoPlist.strings */ = {
			isa = PBXVariantGroup;
			children = (
				0DD3BF82236CD09300889C41 /* en */,
				0DD3BF91236CDBCE00889C41 /* de */,
				0DD3BF98236CFFF300889C41 /* fr */,
				0DD3BF9F236CFFFA00889C41 /* es */,
				0DD3BFA6236D004A00889C41 /* zh-Hant-TW */,
				0DD3BFB4236D006700889C41 /* nl */,
				0DD3BFBB236D007400889C41 /* hu */,
				0DD3BFC2236D007E00889C41 /* it */,
				0DD3BFC9236D008800889C41 /* ja */,
				0DD3BFD0236D009200889C41 /* ko */,
				0DD3BFD7236D009E00889C41 /* pl */,
				0DD3BFDE236D00A800889C41 /* pt-BR */,
				0DD3BFE5236D00B500889C41 /* ru */,
				0DD3BFEC236D04EC00889C41 /* zh-Hans */,
			);
			name = InfoPlist.strings;
			sourceTree = "<group>";
		};
		0DD3BF88236CD20F00889C41 /* InfoPlist.strings */ = {
			isa = PBXVariantGroup;
			children = (
				0DD3BF87236CD20F00889C41 /* en */,
				0DFD55262399F040000493FC /* de */,
				0DFD55272399F091000493FC /* zh-Hans */,
				0DFD55282399F097000493FC /* zh-Hant-TW */,
				0DFD55292399F09D000493FC /* nl */,
				0DFD552A2399F0A3000493FC /* fr */,
				0DFD552B2399F0B0000493FC /* hu */,
				0DFD552C2399F0B7000493FC /* it */,
				0DFD552D2399F0BB000493FC /* ja */,
				0DFD552E2399F0C0000493FC /* ko */,
				0DFD552F2399F0C4000493FC /* pl */,
				0DFD55302399F0C8000493FC /* pt-BR */,
				0DFD55312399F0CD000493FC /* ru */,
				0DFD55332399F0F1000493FC /* es */,
			);
			name = InfoPlist.strings;
			sourceTree = "<group>";
		};
		0DDCFF7B23660DBD009481D4 /* Localizable.strings */ = {
			isa = PBXVariantGroup;
			children = (
				0DDCFF7A23660DBD009481D4 /* en */,
				0DD3BF90236CDBCD00889C41 /* de */,
				0DD3BF97236CFFF300889C41 /* fr */,
				0DD3BF9E236CFFFA00889C41 /* es */,
				0DD3BFA5236D004A00889C41 /* zh-Hant-TW */,
				0DD3BFB3236D006700889C41 /* nl */,
				0DD3BFBA236D007400889C41 /* hu */,
				0DD3BFC1236D007E00889C41 /* it */,
				0DD3BFC8236D008800889C41 /* ja */,
				0DD3BFCF236D009200889C41 /* ko */,
				0DD3BFD6236D009E00889C41 /* pl */,
				0DD3BFDD236D00A800889C41 /* pt-BR */,
				0DD3BFE4236D00B500889C41 /* ru */,
				0DD3BFEB236D04EC00889C41 /* zh-Hans */,
			);
			name = Localizable.strings;
			sourceTree = "<group>";
		};
/* End PBXVariantGroup section */

/* Begin XCBuildConfiguration section */
		4F30492B2118982700BA3961 /* Debug */ = {
			isa = XCBuildConfiguration;
			buildSettings = {
				ALWAYS_SEARCH_USER_PATHS = NO;
				CLANG_ANALYZER_LOCALIZABILITY_NONLOCALIZED = YES;
				CLANG_ANALYZER_NONNULL = YES;
				CLANG_ANALYZER_NUMBER_OBJECT_CONVERSION = YES_AGGRESSIVE;
				CLANG_CXX_LANGUAGE_STANDARD = "gnu++14";
				CLANG_CXX_LIBRARY = "libc++";
				CLANG_ENABLE_MODULES = YES;
				CLANG_ENABLE_OBJC_ARC = YES;
				CLANG_ENABLE_OBJC_WEAK = YES;
				CLANG_WARN_BLOCK_CAPTURE_AUTORELEASING = YES;
				CLANG_WARN_BOOL_CONVERSION = YES;
				CLANG_WARN_COMMA = YES;
				CLANG_WARN_CONSTANT_CONVERSION = YES;
				CLANG_WARN_DEPRECATED_OBJC_IMPLEMENTATIONS = YES;
				CLANG_WARN_DIRECT_OBJC_ISA_USAGE = YES_ERROR;
				CLANG_WARN_DOCUMENTATION_COMMENTS = YES;
				CLANG_WARN_EMPTY_BODY = YES;
				CLANG_WARN_ENUM_CONVERSION = YES;
				CLANG_WARN_INFINITE_RECURSION = YES;
				CLANG_WARN_INT_CONVERSION = YES;
				CLANG_WARN_NON_LITERAL_NULL_CONVERSION = YES;
				CLANG_WARN_OBJC_IMPLICIT_RETAIN_SELF = YES;
				CLANG_WARN_OBJC_LITERAL_CONVERSION = YES;
				CLANG_WARN_OBJC_ROOT_CLASS = YES_ERROR;
				CLANG_WARN_RANGE_LOOP_ANALYSIS = YES;
				CLANG_WARN_STRICT_PROTOTYPES = YES;
				CLANG_WARN_SUSPICIOUS_MOVE = YES;
				CLANG_WARN_UNGUARDED_AVAILABILITY = YES_AGGRESSIVE;
				CLANG_WARN_UNREACHABLE_CODE = YES;
				CLANG_WARN__DUPLICATE_METHOD_MATCH = YES;
				CODE_SIGN_IDENTITY = "Apple Development";
				COPY_PHASE_STRIP = NO;
				DEBUG_INFORMATION_FORMAT = dwarf;
				ENABLE_STRICT_OBJC_MSGSEND = YES;
				ENABLE_TESTABILITY = YES;
				GCC_C_LANGUAGE_STANDARD = gnu11;
				GCC_DYNAMIC_NO_PIC = NO;
				GCC_NO_COMMON_BLOCKS = YES;
				GCC_OPTIMIZATION_LEVEL = 0;
				GCC_PREPROCESSOR_DEFINITIONS = (
					"DEBUG=1",
					"$(inherited)",
				);
				GCC_WARN_64_TO_32_BIT_CONVERSION = YES;
				GCC_WARN_ABOUT_RETURN_TYPE = YES_ERROR;
				GCC_WARN_UNDECLARED_SELECTOR = YES;
				GCC_WARN_UNINITIALIZED_AUTOS = YES_AGGRESSIVE;
				GCC_WARN_UNUSED_FUNCTION = YES;
				GCC_WARN_UNUSED_VARIABLE = YES;
				MACOSX_DEPLOYMENT_TARGET = 10.13;
				MTL_ENABLE_DEBUG_INFO = YES;
				ONLY_ACTIVE_ARCH = YES;
				SDKROOT = macosx;
				SWIFT_ACTIVE_COMPILATION_CONDITIONS = DEBUG;
				SWIFT_OPTIMIZATION_LEVEL = "-Onone";
			};
			name = Debug;
		};
		4F30492C2118982700BA3961 /* Release */ = {
			isa = XCBuildConfiguration;
			buildSettings = {
				ALWAYS_SEARCH_USER_PATHS = NO;
				CLANG_ANALYZER_LOCALIZABILITY_NONLOCALIZED = YES;
				CLANG_ANALYZER_NONNULL = YES;
				CLANG_ANALYZER_NUMBER_OBJECT_CONVERSION = YES_AGGRESSIVE;
				CLANG_CXX_LANGUAGE_STANDARD = "gnu++14";
				CLANG_CXX_LIBRARY = "libc++";
				CLANG_ENABLE_MODULES = YES;
				CLANG_ENABLE_OBJC_ARC = YES;
				CLANG_ENABLE_OBJC_WEAK = YES;
				CLANG_WARN_BLOCK_CAPTURE_AUTORELEASING = YES;
				CLANG_WARN_BOOL_CONVERSION = YES;
				CLANG_WARN_COMMA = YES;
				CLANG_WARN_CONSTANT_CONVERSION = YES;
				CLANG_WARN_DEPRECATED_OBJC_IMPLEMENTATIONS = YES;
				CLANG_WARN_DIRECT_OBJC_ISA_USAGE = YES_ERROR;
				CLANG_WARN_DOCUMENTATION_COMMENTS = YES;
				CLANG_WARN_EMPTY_BODY = YES;
				CLANG_WARN_ENUM_CONVERSION = YES;
				CLANG_WARN_INFINITE_RECURSION = YES;
				CLANG_WARN_INT_CONVERSION = YES;
				CLANG_WARN_NON_LITERAL_NULL_CONVERSION = YES;
				CLANG_WARN_OBJC_IMPLICIT_RETAIN_SELF = YES;
				CLANG_WARN_OBJC_LITERAL_CONVERSION = YES;
				CLANG_WARN_OBJC_ROOT_CLASS = YES_ERROR;
				CLANG_WARN_RANGE_LOOP_ANALYSIS = YES;
				CLANG_WARN_STRICT_PROTOTYPES = YES;
				CLANG_WARN_SUSPICIOUS_MOVE = YES;
				CLANG_WARN_UNGUARDED_AVAILABILITY = YES_AGGRESSIVE;
				CLANG_WARN_UNREACHABLE_CODE = YES;
				CLANG_WARN__DUPLICATE_METHOD_MATCH = YES;
				CODE_SIGN_IDENTITY = "Apple Development";
				COPY_PHASE_STRIP = NO;
				DEBUG_INFORMATION_FORMAT = "dwarf-with-dsym";
				ENABLE_NS_ASSERTIONS = NO;
				ENABLE_STRICT_OBJC_MSGSEND = YES;
				GCC_C_LANGUAGE_STANDARD = gnu11;
				GCC_NO_COMMON_BLOCKS = YES;
				GCC_WARN_64_TO_32_BIT_CONVERSION = YES;
				GCC_WARN_ABOUT_RETURN_TYPE = YES_ERROR;
				GCC_WARN_UNDECLARED_SELECTOR = YES;
				GCC_WARN_UNINITIALIZED_AUTOS = YES_AGGRESSIVE;
				GCC_WARN_UNUSED_FUNCTION = YES;
				GCC_WARN_UNUSED_VARIABLE = YES;
				MACOSX_DEPLOYMENT_TARGET = 10.13;
				MTL_ENABLE_DEBUG_INFO = NO;
				SDKROOT = macosx;
				SWIFT_COMPILATION_MODE = wholemodule;
				SWIFT_OPTIMIZATION_LEVEL = "-O";
			};
			name = Release;
		};
		4F30492E2118982700BA3961 /* Debug */ = {
			isa = XCBuildConfiguration;
			buildSettings = {
				ASSETCATALOG_COMPILER_APPICON_NAME = AppIcon;
				CODE_SIGN_ENTITLEMENTS = GhosteryLite/SupportingFiles/GhosteryLite.entitlements;
				CODE_SIGN_IDENTITY = "Apple Development";
				CODE_SIGN_STYLE = Automatic;
				COMBINE_HIDPI_IMAGES = YES;
				CURRENT_PROJECT_VERSION = 11;
				DEVELOPMENT_TEAM = HPY23A294X;
				ENABLE_HARDENED_RUNTIME = YES;
				INFOPLIST_FILE = GhosteryLite/SupportingFiles/Info.plist;
				LD_RUNPATH_SEARCH_PATHS = (
					"$(inherited)",
					"@executable_path/../Frameworks",
				);
				MARKETING_VERSION = 1.1.0;
				OTHER_SWIFT_FLAGS = "$(inherited) \"-D\" \"COCOAPODS\" \"-DDEBUG\" \"-DSTAGING\"";
				PRODUCT_BUNDLE_IDENTIFIER = com.ghostery.lite;
				PRODUCT_NAME = "$(TARGET_NAME)";
				PROVISIONING_PROFILE_SPECIFIER = "";
				SWIFT_VERSION = 5.0;
			};
			name = Debug;
		};
		4F30492F2118982700BA3961 /* Release */ = {
			isa = XCBuildConfiguration;
			buildSettings = {
				ASSETCATALOG_COMPILER_APPICON_NAME = AppIcon;
				CODE_SIGN_ENTITLEMENTS = GhosteryLite/SupportingFiles/GhosteryLite.entitlements;
				CODE_SIGN_IDENTITY = "Apple Development";
				CODE_SIGN_STYLE = Automatic;
				COMBINE_HIDPI_IMAGES = YES;
				CURRENT_PROJECT_VERSION = 11;
				DEVELOPMENT_TEAM = HPY23A294X;
				ENABLE_HARDENED_RUNTIME = YES;
				INFOPLIST_FILE = GhosteryLite/SupportingFiles/Info.plist;
				LD_RUNPATH_SEARCH_PATHS = (
					"$(inherited)",
					"@executable_path/../Frameworks",
				);
				MARKETING_VERSION = 1.1.0;
				OTHER_SWIFT_FLAGS = "$(inherited) \"-D\" \"COCOAPODS\" \"-DPROD\"";
				PRODUCT_BUNDLE_IDENTIFIER = com.ghostery.lite;
				PRODUCT_NAME = "$(TARGET_NAME)";
				PROVISIONING_PROFILE_SPECIFIER = "";
				SWIFT_VERSION = 5.0;
			};
			name = Release;
		};
		4F30494A2118983D00BA3961 /* Debug */ = {
			isa = XCBuildConfiguration;
			buildSettings = {
				CODE_SIGN_ENTITLEMENTS = SafariExtension/SupportingFiles/SafariExtension.entitlements;
				CODE_SIGN_IDENTITY = "Apple Development";
				CODE_SIGN_STYLE = Automatic;
				CURRENT_PROJECT_VERSION = 11;
				DEVELOPMENT_TEAM = HPY23A294X;
				ENABLE_HARDENED_RUNTIME = YES;
				INFOPLIST_FILE = SafariExtension/SupportingFiles/Info.plist;
				LD_RUNPATH_SEARCH_PATHS = (
					"$(inherited)",
					"@executable_path/../Frameworks",
					"@executable_path/../../../../Frameworks",
				);
				MARKETING_VERSION = 1.1.0;
				OTHER_SWIFT_FLAGS = "$(inherited) \"-DDEBUG\"";
				PRODUCT_BUNDLE_IDENTIFIER = com.ghostery.lite.safariExtension;
				PRODUCT_NAME = "$(TARGET_NAME)";
				PROVISIONING_PROFILE_SPECIFIER = "";
				SKIP_INSTALL = YES;
				SWIFT_VERSION = 5.0;
			};
			name = Debug;
		};
		4F30494B2118983D00BA3961 /* Release */ = {
			isa = XCBuildConfiguration;
			buildSettings = {
				CODE_SIGN_ENTITLEMENTS = SafariExtension/SupportingFiles/SafariExtension.entitlements;
				CODE_SIGN_IDENTITY = "Apple Development";
				CODE_SIGN_STYLE = Automatic;
				CURRENT_PROJECT_VERSION = 11;
				DEVELOPMENT_TEAM = HPY23A294X;
				ENABLE_HARDENED_RUNTIME = YES;
				INFOPLIST_FILE = SafariExtension/SupportingFiles/Info.plist;
				LD_RUNPATH_SEARCH_PATHS = (
					"$(inherited)",
					"@executable_path/../Frameworks",
					"@executable_path/../../../../Frameworks",
				);
				MARKETING_VERSION = 1.1.0;
				OTHER_SWIFT_FLAGS = "$(inherited) \"-DPROD\"";
				PRODUCT_BUNDLE_IDENTIFIER = com.ghostery.lite.safariExtension;
				PRODUCT_NAME = "$(TARGET_NAME)";
				PROVISIONING_PROFILE_SPECIFIER = "";
				SKIP_INSTALL = YES;
				SWIFT_VERSION = 5.0;
			};
			name = Release;
		};
		4F30495E2118985C00BA3961 /* Debug */ = {
			isa = XCBuildConfiguration;
			buildSettings = {
				CODE_SIGN_ENTITLEMENTS = ContentBlocker/SupportingFiles/ContentBlocker.entitlements;
				CODE_SIGN_IDENTITY = "Apple Development";
				CODE_SIGN_STYLE = Automatic;
				CURRENT_PROJECT_VERSION = 11;
				DEVELOPMENT_TEAM = HPY23A294X;
				ENABLE_HARDENED_RUNTIME = YES;
				INFOPLIST_FILE = ContentBlocker/SupportingFiles/Info.plist;
				LD_RUNPATH_SEARCH_PATHS = (
					"$(inherited)",
					"@executable_path/../Frameworks",
					"@executable_path/../../../../Frameworks",
				);
				MARKETING_VERSION = 1.1.0;
				OTHER_SWIFT_FLAGS = "$(inherited) \"-D\" \"COCOAPODS\" \"-DSTAGING\"";
				PRODUCT_BUNDLE_IDENTIFIER = com.ghostery.lite.contentBlocker;
				PRODUCT_NAME = "$(TARGET_NAME)";
				PROVISIONING_PROFILE_SPECIFIER = "";
				SKIP_INSTALL = YES;
				SWIFT_VERSION = 5.0;
			};
			name = Debug;
		};
		4F30495F2118985C00BA3961 /* Release */ = {
			isa = XCBuildConfiguration;
			buildSettings = {
				CODE_SIGN_ENTITLEMENTS = ContentBlocker/SupportingFiles/ContentBlocker.entitlements;
				CODE_SIGN_IDENTITY = "Apple Development";
				CODE_SIGN_STYLE = Automatic;
				CURRENT_PROJECT_VERSION = 11;
				DEVELOPMENT_TEAM = HPY23A294X;
				ENABLE_HARDENED_RUNTIME = YES;
				INFOPLIST_FILE = ContentBlocker/SupportingFiles/Info.plist;
				LD_RUNPATH_SEARCH_PATHS = (
					"$(inherited)",
					"@executable_path/../Frameworks",
					"@executable_path/../../../../Frameworks",
				);
				MARKETING_VERSION = 1.1.0;
				OTHER_SWIFT_FLAGS = "$(inherited) \"-D\" \"COCOAPODS\" \"-DPROD\"";
				PRODUCT_BUNDLE_IDENTIFIER = com.ghostery.lite.contentBlocker;
				PRODUCT_NAME = "$(TARGET_NAME)";
				PROVISIONING_PROFILE_SPECIFIER = "";
				SKIP_INSTALL = YES;
				SWIFT_VERSION = 5.0;
			};
			name = Release;
		};
		4F9CF8DB215B90E8005B1C1B /* Beta */ = {
			isa = XCBuildConfiguration;
			buildSettings = {
				ALWAYS_SEARCH_USER_PATHS = NO;
				CLANG_ANALYZER_LOCALIZABILITY_NONLOCALIZED = YES;
				CLANG_ANALYZER_NONNULL = YES;
				CLANG_ANALYZER_NUMBER_OBJECT_CONVERSION = YES_AGGRESSIVE;
				CLANG_CXX_LANGUAGE_STANDARD = "gnu++14";
				CLANG_CXX_LIBRARY = "libc++";
				CLANG_ENABLE_MODULES = YES;
				CLANG_ENABLE_OBJC_ARC = YES;
				CLANG_ENABLE_OBJC_WEAK = YES;
				CLANG_WARN_BLOCK_CAPTURE_AUTORELEASING = YES;
				CLANG_WARN_BOOL_CONVERSION = YES;
				CLANG_WARN_COMMA = YES;
				CLANG_WARN_CONSTANT_CONVERSION = YES;
				CLANG_WARN_DEPRECATED_OBJC_IMPLEMENTATIONS = YES;
				CLANG_WARN_DIRECT_OBJC_ISA_USAGE = YES_ERROR;
				CLANG_WARN_DOCUMENTATION_COMMENTS = YES;
				CLANG_WARN_EMPTY_BODY = YES;
				CLANG_WARN_ENUM_CONVERSION = YES;
				CLANG_WARN_INFINITE_RECURSION = YES;
				CLANG_WARN_INT_CONVERSION = YES;
				CLANG_WARN_NON_LITERAL_NULL_CONVERSION = YES;
				CLANG_WARN_OBJC_IMPLICIT_RETAIN_SELF = YES;
				CLANG_WARN_OBJC_LITERAL_CONVERSION = YES;
				CLANG_WARN_OBJC_ROOT_CLASS = YES_ERROR;
				CLANG_WARN_RANGE_LOOP_ANALYSIS = YES;
				CLANG_WARN_STRICT_PROTOTYPES = YES;
				CLANG_WARN_SUSPICIOUS_MOVE = YES;
				CLANG_WARN_UNGUARDED_AVAILABILITY = YES_AGGRESSIVE;
				CLANG_WARN_UNREACHABLE_CODE = YES;
				CLANG_WARN__DUPLICATE_METHOD_MATCH = YES;
				CODE_SIGN_IDENTITY = "Apple Development";
				COPY_PHASE_STRIP = NO;
				DEBUG_INFORMATION_FORMAT = "dwarf-with-dsym";
				ENABLE_NS_ASSERTIONS = NO;
				ENABLE_STRICT_OBJC_MSGSEND = YES;
				GCC_C_LANGUAGE_STANDARD = gnu11;
				GCC_NO_COMMON_BLOCKS = YES;
				GCC_WARN_64_TO_32_BIT_CONVERSION = YES;
				GCC_WARN_ABOUT_RETURN_TYPE = YES_ERROR;
				GCC_WARN_UNDECLARED_SELECTOR = YES;
				GCC_WARN_UNINITIALIZED_AUTOS = YES_AGGRESSIVE;
				GCC_WARN_UNUSED_FUNCTION = YES;
				GCC_WARN_UNUSED_VARIABLE = YES;
				MACOSX_DEPLOYMENT_TARGET = 10.13;
				MTL_ENABLE_DEBUG_INFO = NO;
				SDKROOT = macosx;
				SWIFT_COMPILATION_MODE = wholemodule;
				SWIFT_OPTIMIZATION_LEVEL = "-O";
			};
			name = Beta;
		};
		4F9CF8DC215B90E8005B1C1B /* Beta */ = {
			isa = XCBuildConfiguration;
			buildSettings = {
				ASSETCATALOG_COMPILER_APPICON_NAME = AppIcon;
				CODE_SIGN_ENTITLEMENTS = GhosteryLite/SupportingFiles/GhosteryLite.entitlements;
				CODE_SIGN_IDENTITY = "Apple Development";
				CODE_SIGN_STYLE = Automatic;
				COMBINE_HIDPI_IMAGES = YES;
				CURRENT_PROJECT_VERSION = 11;
				DEVELOPMENT_TEAM = HPY23A294X;
				ENABLE_HARDENED_RUNTIME = YES;
				INFOPLIST_FILE = GhosteryLite/SupportingFiles/Info.plist;
				LD_RUNPATH_SEARCH_PATHS = (
					"$(inherited)",
					"@executable_path/../Frameworks",
				);
				MARKETING_VERSION = 1.1.0;
				OTHER_SWIFT_FLAGS = "$(inherited) \"-D\" \"COCOAPODS\" \"-DSTAGING\"";
				PRODUCT_BUNDLE_IDENTIFIER = com.ghostery.lite;
				PRODUCT_NAME = "$(TARGET_NAME)";
				PROVISIONING_PROFILE_SPECIFIER = "";
				SWIFT_VERSION = 5.0;
			};
			name = Beta;
		};
		4F9CF8DD215B90E8005B1C1B /* Beta */ = {
			isa = XCBuildConfiguration;
			buildSettings = {
				CODE_SIGN_ENTITLEMENTS = SafariExtension/SupportingFiles/SafariExtension.entitlements;
				CODE_SIGN_IDENTITY = "Apple Development";
				CODE_SIGN_STYLE = Automatic;
				CURRENT_PROJECT_VERSION = 11;
				DEVELOPMENT_TEAM = HPY23A294X;
				ENABLE_HARDENED_RUNTIME = YES;
				INFOPLIST_FILE = SafariExtension/SupportingFiles/Info.plist;
				LD_RUNPATH_SEARCH_PATHS = (
					"$(inherited)",
					"@executable_path/../Frameworks",
					"@executable_path/../../../../Frameworks",
				);
				MARKETING_VERSION = 1.1.0;
				OTHER_SWIFT_FLAGS = "$(inherited) \"-DBETA\" \"-DPROD\"";
				PRODUCT_BUNDLE_IDENTIFIER = com.ghostery.lite.safariExtension;
				PRODUCT_NAME = "$(TARGET_NAME)";
				PROVISIONING_PROFILE_SPECIFIER = "";
				SKIP_INSTALL = YES;
				SWIFT_VERSION = 5.0;
			};
			name = Beta;
		};
		4F9CF8DE215B90E8005B1C1B /* Beta */ = {
			isa = XCBuildConfiguration;
			buildSettings = {
				CODE_SIGN_ENTITLEMENTS = ContentBlocker/SupportingFiles/ContentBlocker.entitlements;
				CODE_SIGN_IDENTITY = "Apple Development";
				CODE_SIGN_STYLE = Automatic;
				CURRENT_PROJECT_VERSION = 11;
				DEVELOPMENT_TEAM = HPY23A294X;
				ENABLE_HARDENED_RUNTIME = YES;
				INFOPLIST_FILE = ContentBlocker/SupportingFiles/Info.plist;
				LD_RUNPATH_SEARCH_PATHS = (
					"$(inherited)",
					"@executable_path/../Frameworks",
					"@executable_path/../../../../Frameworks",
				);
				MARKETING_VERSION = 1.1.0;
				OTHER_SWIFT_FLAGS = "$(inherited) \"-D\" \"COCOAPODS\" \"-DSTAGING\"";
				PRODUCT_BUNDLE_IDENTIFIER = com.ghostery.lite.contentBlocker;
				PRODUCT_NAME = "$(TARGET_NAME)";
				PROVISIONING_PROFILE_SPECIFIER = "";
				SKIP_INSTALL = YES;
				SWIFT_VERSION = 5.0;
			};
			name = Beta;
		};
/* End XCBuildConfiguration section */

/* Begin XCConfigurationList section */
		4F3049182118982600BA3961 /* Build configuration list for PBXProject "GhosteryLite" */ = {
			isa = XCConfigurationList;
			buildConfigurations = (
				4F30492B2118982700BA3961 /* Debug */,
				4F30492C2118982700BA3961 /* Release */,
				4F9CF8DB215B90E8005B1C1B /* Beta */,
			);
			defaultConfigurationIsVisible = 0;
			defaultConfigurationName = Release;
		};
		4F30492D2118982700BA3961 /* Build configuration list for PBXNativeTarget "GhosteryLite" */ = {
			isa = XCConfigurationList;
			buildConfigurations = (
				4F30492E2118982700BA3961 /* Debug */,
				4F30492F2118982700BA3961 /* Release */,
				4F9CF8DC215B90E8005B1C1B /* Beta */,
			);
			defaultConfigurationIsVisible = 0;
			defaultConfigurationName = Release;
		};
		4F3049492118983D00BA3961 /* Build configuration list for PBXNativeTarget "SafariExtension" */ = {
			isa = XCConfigurationList;
			buildConfigurations = (
				4F30494A2118983D00BA3961 /* Debug */,
				4F30494B2118983D00BA3961 /* Release */,
				4F9CF8DD215B90E8005B1C1B /* Beta */,
			);
			defaultConfigurationIsVisible = 0;
			defaultConfigurationName = Release;
		};
		4F30495D2118985C00BA3961 /* Build configuration list for PBXNativeTarget "ContentBlocker" */ = {
			isa = XCConfigurationList;
			buildConfigurations = (
				4F30495E2118985C00BA3961 /* Debug */,
				4F30495F2118985C00BA3961 /* Release */,
				4F9CF8DE215B90E8005B1C1B /* Beta */,
			);
			defaultConfigurationIsVisible = 0;
			defaultConfigurationName = Release;
		};
/* End XCConfigurationList section */

/* Begin XCVersionGroup section */
		0D182932238E27AA00E5EE42 /* GhosteryLite.xcdatamodeld */ = {
			isa = XCVersionGroup;
			children = (
				0D182933238E27AA00E5EE42 /* GhosteryLite.xcdatamodel */,
			);
			currentVersion = 0D182933238E27AA00E5EE42 /* GhosteryLite.xcdatamodel */;
			path = GhosteryLite.xcdatamodeld;
			sourceTree = "<group>";
			versionGroupType = wrapper.xcdatamodel;
		};
/* End XCVersionGroup section */
	};
	rootObject = 4F3049152118982600BA3961 /* Project object */;
}
